// !$*UTF8*$!
{
	archiveVersion = 1;
	classes = {
	};
	objectVersion = 46;
	objects = {

/* Begin PBXBuildFile section */
    {%- for f in files if f.endswith((".h", ".hpp")) %}
    {{f|xcode_build}} /* {{f}} in Headers */ = {isa = PBXBuildFile; fileRef = {{f|xcode_fileref}} /* {{f}} */; };
    {%- endfor %}
    {%- for f in files if f.endswith((".c", ".cpp")) %}
    {{f|xcode_build}} /* {{f}} in Sources */ = {isa = PBXBuildFile; fileRef = {{f|xcode_fileref}} /* {{f}} */; };
    {%- endfor %}
		D854D7E11E23D4840025E5F1 /* AudioPluginUtil.cpp in Sources */ = {isa = PBXBuildFile; fileRef = D854D7B71E23D4840025E5F1 /* AudioPluginUtil.cpp */; };
		D854D7E51E23D4840025E5F1 /* Hv_{{patch_name}}_AudioPlugin.cpp in Sources */ = {isa = PBXBuildFile; fileRef = D854D7BA1E23D4840025E5F1 /* Hv_{{patch_name}}_AudioPlugin.cpp */; };
		D89EAC621E23F853008B3443 /* Hv_{{patch_name}}_AudioLib.cs in CopyFiles */ = {isa = PBXBuildFile; fileRef = D854D7B91E23D4840025E5F1 /* Hv_{{patch_name}}_AudioLib.cs */; };
/* End PBXBuildFile section */

/* Begin PBXCopyFilesBuildPhase section */
		D88C9CE8207F6E6C006338E3 /* CopyFiles */ = {
			isa = PBXCopyFilesBuildPhase;
			buildActionMask = 2147483647;
			dstPath = "";
			dstSubfolderSpec = 16;
			files = (
				D89EAC621E23F853008B3443 /* Hv_{{patch_name}}_AudioLib.cs in CopyFiles */,
			);
			runOnlyForDeploymentPostprocessing = 0;
		};
		D89EAC611E23F847008B3443 /* CopyFiles */ = {
			isa = PBXCopyFilesBuildPhase;
			buildActionMask = 2147483647;
			dstPath = "";
			dstSubfolderSpec = 16;
			files = (
				D89EAC621E23F853008B3443 /* Hv_{{patch_name}}_AudioLib.cs in CopyFiles */,
			);
			runOnlyForDeploymentPostprocessing = 0;
		};
/* End PBXCopyFilesBuildPhase section */

/* Begin PBXFileReference section */
    {%- for f in files if f.endswith(".h") %}
    {{f|xcode_fileref}} /* {{f}} */ = {isa = PBXFileReference; fileEncoding = 4; lastKnownFileType = sourcecode.c.h; name = {{f}}; path = {{f}}; sourceTree = "<group>"; };
    {%- endfor %}
    {%- for f in files if f.endswith(".hpp") %}
    {{f|xcode_fileref}} /* {{f}} */ = {isa = PBXFileReference; fileEncoding = 4; lastKnownFileType = sourcecode.cpp.h; name = {{f}}; path = {{f}}; sourceTree = "<group>"; };
    {%- endfor %}
    {%- for f in files if f.endswith((".cpp")) %}
    {{f|xcode_fileref}} /* {{f}} */ = {isa = PBXFileReference; fileEncoding = 4; lastKnownFileType = sourcecode.cpp.cpp; name = {{f}}; path = {{f}}; sourceTree = "<group>"; };
    {%- endfor %}
    {%- for f in files if f.endswith((".c")) %}
    {{f|xcode_fileref}} /* {{f}} */ = {isa = PBXFileReference; fileEncoding = 4; lastKnownFileType = sourcecode.c.c; name = {{f}}; path = {{f}}; sourceTree = "<group>"; };
    {%- endfor %}
		D854D7271E23D37A0025E5F1 /* AudioPlugin_Hv_{{patch_name}}.bundle */ = {isa = PBXFileReference; explicitFileType = wrapper.cfbundle; includeInIndex = 0; path = "AudioPlugin_Hv_{{patch_name}}.bundle"; sourceTree = BUILT_PRODUCTS_DIR; };
		D854D7B61E23D4840025E5F1 /* AudioPluginInterface.h */ = {isa = PBXFileReference; fileEncoding = 4; lastKnownFileType = sourcecode.c.h; path = AudioPluginInterface.h; sourceTree = "<group>"; };
		D854D7B71E23D4840025E5F1 /* AudioPluginUtil.cpp */ = {isa = PBXFileReference; fileEncoding = 4; lastKnownFileType = sourcecode.cpp.cpp; path = AudioPluginUtil.cpp; sourceTree = "<group>"; };
		D854D7B81E23D4840025E5F1 /* AudioPluginUtil.h */ = {isa = PBXFileReference; fileEncoding = 4; lastKnownFileType = sourcecode.c.h; path = AudioPluginUtil.h; sourceTree = "<group>"; };
		D854D7B91E23D4840025E5F1 /* Hv_{{patch_name}}_AudioLib.cs */ = {isa = PBXFileReference; fileEncoding = 4; lastKnownFileType = text; path = Hv_{{patch_name}}_AudioLib.cs; sourceTree = "<group>"; };
		D854D7BA1E23D4840025E5F1 /* Hv_{{patch_name}}_AudioPlugin.cpp */ = {isa = PBXFileReference; fileEncoding = 4; lastKnownFileType = sourcecode.cpp.cpp; path = Hv_{{patch_name}}_AudioPlugin.cpp; sourceTree = "<group>"; };
		D854D7BB1E23D4840025E5F1 /* PluginList.h */ = {isa = PBXFileReference; fileEncoding = 4; lastKnownFileType = sourcecode.c.h; path = PluginList.h; sourceTree = "<group>"; };
		D854D7E61E23D4FB0025E5F1 /* Info.plist */ = {isa = PBXFileReference; fileEncoding = 4; lastKnownFileType = text.plist.xml; path = Info.plist; sourceTree = "<group>"; };
		D88C9CEA207F6E6C006338E3 /* libHv_{{patch_name}}_AudioLib.a */ = {isa = PBXFileReference; explicitFileType = archive.ar; includeInIndex = 0; path = libHv_{{patch_name}}_AudioLib.a; sourceTree = BUILT_PRODUCTS_DIR; };
		D8D3D5061E23D2E00071977E /* Hv_{{patch_name}}_AudioLib.bundle */ = {isa = PBXFileReference; explicitFileType = wrapper.cfbundle; includeInIndex = 0; path = "Hv_{{patch_name}}_AudioLib.bundle"; sourceTree = BUILT_PRODUCTS_DIR; };
/* End PBXFileReference section */

/* Begin PBXFrameworksBuildPhase section */
		D854D7241E23D37A0025E5F1 /* Frameworks */ = {
			isa = PBXFrameworksBuildPhase;
			buildActionMask = 2147483647;
			files = (
			);
			runOnlyForDeploymentPostprocessing = 0;
		};
		D8D3D5031E23D2E00071977E /* Frameworks */ = {
			isa = PBXFrameworksBuildPhase;
			buildActionMask = 2147483647;
			files = (
			);
			runOnlyForDeploymentPostprocessing = 0;
		};
/* End PBXFrameworksBuildPhase section */

/* Begin PBXGroup section */
		D854D78A1E23D4840025E5F1 /* source */ = {
			isa = PBXGroup;
			children = (
				D854D78B1E23D4840025E5F1 /* heavy */,
				D854D7B51E23D4840025E5F1 /* unity */,
			);
			name = source;
			path = ../source;
			sourceTree = "<group>";
		};
		D854D78B1E23D4840025E5F1 /* heavy */ = {
			isa = PBXGroup;
			children = (
        {%- for f in files %}
        {{f|xcode_fileref}} /* {{f}} */,
        {%- endfor %}
			);
			path = heavy;
			sourceTree = "<group>";
		};
		D854D7B51E23D4840025E5F1 /* unity */ = {
			isa = PBXGroup;
			children = (
				D854D7B61E23D4840025E5F1 /* AudioPluginInterface.h */,
				D854D7B71E23D4840025E5F1 /* AudioPluginUtil.cpp */,
				D854D7B81E23D4840025E5F1 /* AudioPluginUtil.h */,
				D854D7B91E23D4840025E5F1 /* Hv_{{patch_name}}_AudioLib.cs */,
				D854D7BA1E23D4840025E5F1 /* Hv_{{patch_name}}_AudioPlugin.cpp */,
				D854D7BB1E23D4840025E5F1 /* PluginList.h */,
			);
			path = unity;
			sourceTree = "<group>";
		};
		D8D3D4FB1E23D2AB0071977E = {
			isa = PBXGroup;
			children = (
				D854D78A1E23D4840025E5F1 /* source */,
				D854D7E61E23D4FB0025E5F1 /* Info.plist */,
				D8D3D5071E23D2E00071977E /* Products */,
			);
			sourceTree = "<group>";
		};
		D8D3D5071E23D2E00071977E /* Products */ = {
			isa = PBXGroup;
			children = (
				D8D3D5061E23D2E00071977E /* Hv_{{patch_name}}_AudioLib.bundle */,
				D854D7271E23D37A0025E5F1 /* AudioPlugin_Hv_{{patch_name}}.bundle */,
				D88C9CEA207F6E6C006338E3 /* libHv_{{patch_name}}_AudioLib.a */,
			);
			name = Products;
			sourceTree = "<group>";
		};
/* End PBXGroup section */

/* Begin PBXNativeTarget section */
		D854D7261E23D37A0025E5F1 /* AudioPlugin_Hv_{{patch_name}} */ = {
			isa = PBXNativeTarget;
			buildConfigurationList = D854D72A1E23D37A0025E5F1 /* Build configuration list for PBXNativeTarget "AudioPlugin_Hv_{{patch_name}}" */;
			buildPhases = (
				D854D7231E23D37A0025E5F1 /* Sources */,
				D854D7241E23D37A0025E5F1 /* Frameworks */,
			);
			buildRules = (
			);
			dependencies = (
			);
			name = "AudioPlugin_Hv_{{patch_name}}";
			productName = "AudioPlugin_Hv_{{patch_name}}";
			productReference = D854D7271E23D37A0025E5F1 /* AudioPlugin_Hv_{{patch_name}}.bundle */;
			productType = "com.apple.product-type.bundle";
		};
		D88C9CE9207F6E6C006338E3 /* Hv_{{patch_name}}_AudioLib_iOS */ = {
			isa = PBXNativeTarget;
			buildConfigurationList = D88C9CF2207F6E6C006338E3 /* Build configuration list for PBXNativeTarget "Hv_{{patch_name}}_AudioLib_iOS" */;
			buildPhases = (
				D88C9CE6207F6E6C006338E3 /* Sources */,
				D88C9CE7207F6E6C006338E3 /* Frameworks */,
				D88C9CE8207F6E6C006338E3 /* CopyFiles */,
			);
			buildRules = (
			);
			dependencies = (
			);
			name = Hv_{{patch_name}}_AudioLib_iOS;
			productName = Hv_{{patch_name}}_AudioLib_iOS;
			productReference = D88C9CEA207F6E6C006338E3 /* libHv_{{patch_name}}_AudioLib.a */;
			productType = "com.apple.product-type.library.static";
		};
		D8D3D5051E23D2E00071977E /* Hv_{{patch_name}}_AudioLib */ = {
			isa = PBXNativeTarget;
			buildConfigurationList = D8D3D50A1E23D2E00071977E /* Build configuration list for PBXNativeTarget "Hv_{{patch_name}}_AudioLib" */;
			buildPhases = (
				D8D3D5021E23D2E00071977E /* Sources */,
				D8D3D5031E23D2E00071977E /* Frameworks */,
				D89EAC611E23F847008B3443 /* CopyFiles */,
			);
			buildRules = (
			);
			dependencies = (
			);
			name = "Hv_{{patch_name}}_AudioLib";
			productName = "Hv_{{patch_name}}_AudioLib";
			productReference = D8D3D5061E23D2E00071977E /* Hv_{{patch_name}}_AudioLib.bundle */;
			productType = "com.apple.product-type.bundle";
		};
/* End PBXNativeTarget section */

/* Begin PBXProject section */
		D8D3D4FC1E23D2AB0071977E /* Project object */ = {
			isa = PBXProject;
			attributes = {
				LastUpgradeCheck = 0820;
				TargetAttributes = {
					D854D7261E23D37A0025E5F1 = {
						CreatedOnToolsVersion = 8.2;
						ProvisioningStyle = Automatic;
					};
					D88C9CE9207F6E6C006338E3 = {
						CreatedOnToolsVersion = 9.2;
						ProvisioningStyle = Automatic;
					};
					D8D3D5051E23D2E00071977E = {
						CreatedOnToolsVersion = 8.2;
						ProvisioningStyle = Automatic;
					};
				};
			};
			buildConfigurationList = D8D3D4FF1E23D2AB0071977E /* Build configuration list for PBXProject "Hv_{{patch_name}}_Unity" */;
			compatibilityVersion = "Xcode 3.2";
			developmentRegion = English;
			hasScannedForEncodings = 0;
			knownRegions = (
				en,
			);
			mainGroup = D8D3D4FB1E23D2AB0071977E;
			productRefGroup = D8D3D5071E23D2E00071977E /* Products */;
			projectDirPath = "";
			projectRoot = "";
			targets = (
				D8D3D5051E23D2E00071977E /* Hv_{{patch_name}}_AudioLib */,
				D854D7261E23D37A0025E5F1 /* AudioPlugin_Hv_{{patch_name}} */,
				D88C9CE9207F6E6C006338E3 /* Hv_{{patch_name}}_AudioLib_iOS */,
			);
		};
/* End PBXProject section */

/* Begin PBXSourcesBuildPhase section */
		D854D7231E23D37A0025E5F1 /* Sources */ = {
			isa = PBXSourcesBuildPhase;
			buildActionMask = 2147483647;
			files = (
        {%- for f in files if f.endswith((".c", ".cpp")) %}
        {{f|xcode_build}} /* {{f}} in Sources */,
        {%- endfor %}
				D854D7E51E23D4840025E5F1 /* Hv_{{patch_name}}_AudioPlugin.cpp in Sources */,
				D854D7E11E23D4840025E5F1 /* AudioPluginUtil.cpp in Sources */,
			);
			runOnlyForDeploymentPostprocessing = 0;
		};
		D8D3D5021E23D2E00071977E /* Sources */ = {
			isa = PBXSourcesBuildPhase;
			buildActionMask = 2147483647;
			files = (
        {%- for f in files if f.endswith((".c", ".cpp")) %}
        {{f|xcode_build}} /* {{f}} in Sources */,
        {%- endfor %}
			);
			runOnlyForDeploymentPostprocessing = 0;
		};
		D88C9CE6207F6E6C006338E3 /* Sources */ = {
			isa = PBXSourcesBuildPhase;
			buildActionMask = 2147483647;
			files = (
        {%- for f in files if f.endswith((".c", ".cpp")) %}
        {{f|xcode_build}} /* {{f}} in Sources */,
        {%- endfor %}
			);
			runOnlyForDeploymentPostprocessing = 0;
		};
/* End PBXSourcesBuildPhase section */

/* Begin XCBuildConfiguration section */
		D854D72B1E23D37A0025E5F1 /* Debug */ = {
			isa = XCBuildConfiguration;
			buildSettings = {
				ALWAYS_SEARCH_USER_PATHS = NO;
				CLANG_ANALYZER_NONNULL = YES;
				CLANG_CXX_LANGUAGE_STANDARD = "c++0x";
				CLANG_CXX_LIBRARY = "libc++";
				CLANG_ENABLE_MODULES = YES;
				CLANG_ENABLE_OBJC_ARC = YES;
				CLANG_WARN_BOOL_CONVERSION = YES;
				CLANG_WARN_CONSTANT_CONVERSION = YES;
				CLANG_WARN_DIRECT_OBJC_ISA_USAGE = YES_ERROR;
				CLANG_WARN_DOCUMENTATION_COMMENTS = YES;
				CLANG_WARN_EMPTY_BODY = YES;
				CLANG_WARN_ENUM_CONVERSION = YES;
				CLANG_WARN_INFINITE_RECURSION = YES;
				CLANG_WARN_INT_CONVERSION = YES;
				CLANG_WARN_OBJC_ROOT_CLASS = YES_ERROR;
				CLANG_WARN_SUSPICIOUS_MOVE = YES;
				CLANG_WARN_UNREACHABLE_CODE = YES;
				CLANG_WARN__DUPLICATE_METHOD_MATCH = YES;
				CODE_SIGN_IDENTITY = "-";
				COMBINE_HIDPI_IMAGES = YES;
				CONFIGURATION_BUILD_DIR = "$(PROJECT_DIR)/../build/macos/$(ARCHS)/$(CONFIGURATION)";
				COPY_PHASE_STRIP = NO;
				DEBUG_INFORMATION_FORMAT = dwarf;
				ENABLE_STRICT_OBJC_MSGSEND = YES;
				ENABLE_TESTABILITY = YES;
				GCC_C_LANGUAGE_STANDARD = c11;
				GCC_DYNAMIC_NO_PIC = NO;
				GCC_ENABLE_CPP_EXCEPTIONS = NO;
				GCC_ENABLE_CPP_RTTI = NO;
				GCC_NO_COMMON_BLOCKS = YES;
				GCC_OPTIMIZATION_LEVEL = 0;
				GCC_PREPROCESSOR_DEFINITIONS = (
					"DEBUG=1",
					"$(inherited)",
				);
				GCC_WARN_64_TO_32_BIT_CONVERSION = YES;
				GCC_WARN_ABOUT_RETURN_TYPE = YES_ERROR;
				GCC_WARN_UNDECLARED_SELECTOR = YES;
				GCC_WARN_UNINITIALIZED_AUTOS = YES_AGGRESSIVE;
				GCC_WARN_UNUSED_FUNCTION = YES;
				GCC_WARN_UNUSED_VARIABLE = YES;
				HEADER_SEARCH_PATHS = "$(PROJECT_DIR)/../source";
				INFOPLIST_FILE = "$(SRCROOT)/Info.plist";
				INSTALL_PATH = "$(LOCAL_LIBRARY_DIR)/Bundles";
				MACOSX_DEPLOYMENT_TARGET = 10.7;
				MTL_ENABLE_DEBUG_INFO = YES;
				ONLY_ACTIVE_ARCH = YES;
				OTHER_CFLAGS = (
					"-msse4.1",
					"-Wno-#warnings",
					"-Wno-unused-function",
				);
				PRODUCT_BUNDLE_IDENTIFIER = "enzn.AudioPlugin-Hv-{{patch_name}}";
				PRODUCT_NAME = "$(TARGET_NAME)";
				SDKROOT = macosx;
				SKIP_INSTALL = YES;
				WRAPPER_EXTENSION = bundle;
			};
			name = Debug;
		};
		D854D72C1E23D37A0025E5F1 /* Release */ = {
			isa = XCBuildConfiguration;
			buildSettings = {
				ALWAYS_SEARCH_USER_PATHS = NO;
				CLANG_ANALYZER_NONNULL = YES;
				CLANG_CXX_LANGUAGE_STANDARD = "c++0x";
				CLANG_CXX_LIBRARY = "libc++";
				CLANG_ENABLE_MODULES = YES;
				CLANG_ENABLE_OBJC_ARC = YES;
				CLANG_WARN_BOOL_CONVERSION = YES;
				CLANG_WARN_CONSTANT_CONVERSION = YES;
				CLANG_WARN_DIRECT_OBJC_ISA_USAGE = YES_ERROR;
				CLANG_WARN_DOCUMENTATION_COMMENTS = YES;
				CLANG_WARN_EMPTY_BODY = YES;
				CLANG_WARN_ENUM_CONVERSION = YES;
				CLANG_WARN_INFINITE_RECURSION = YES;
				CLANG_WARN_INT_CONVERSION = YES;
				CLANG_WARN_OBJC_ROOT_CLASS = YES_ERROR;
				CLANG_WARN_SUSPICIOUS_MOVE = YES;
				CLANG_WARN_UNREACHABLE_CODE = YES;
				CLANG_WARN__DUPLICATE_METHOD_MATCH = YES;
				CODE_SIGN_IDENTITY = "-";
				COMBINE_HIDPI_IMAGES = YES;
				CONFIGURATION_BUILD_DIR = "$(PROJECT_DIR)/../build/macos/$(ARCHS)/$(CONFIGURATION)";
				COPY_PHASE_STRIP = NO;
				DEBUG_INFORMATION_FORMAT = "dwarf-with-dsym";
				ENABLE_NS_ASSERTIONS = NO;
				ENABLE_STRICT_OBJC_MSGSEND = YES;
				GCC_C_LANGUAGE_STANDARD = c11;
				GCC_ENABLE_CPP_EXCEPTIONS = NO;
				GCC_ENABLE_CPP_RTTI = NO;
				GCC_GENERATE_DEBUGGING_SYMBOLS = NO;
				GCC_NO_COMMON_BLOCKS = YES;
				GCC_WARN_64_TO_32_BIT_CONVERSION = YES;
				GCC_WARN_ABOUT_RETURN_TYPE = YES_ERROR;
				GCC_WARN_UNDECLARED_SELECTOR = YES;
				GCC_WARN_UNINITIALIZED_AUTOS = YES_AGGRESSIVE;
				GCC_WARN_UNUSED_FUNCTION = YES;
				GCC_WARN_UNUSED_VARIABLE = YES;
				HEADER_SEARCH_PATHS = "$(PROJECT_DIR)/../source";
				INFOPLIST_FILE = "$(SRCROOT)/Info.plist";
				INSTALL_PATH = "$(LOCAL_LIBRARY_DIR)/Bundles";
				MACOSX_DEPLOYMENT_TARGET = 10.7;
				MTL_ENABLE_DEBUG_INFO = NO;
				OTHER_CFLAGS = (
					"-msse4.1",
					"-ffast-math",
					"-DNDEBUG",
					"-Wno-#warnings",
					"-Wno-unused-function",
				);
				PRODUCT_BUNDLE_IDENTIFIER = "enzn.AudioPlugin-Hv-{{patch_name}}";
				PRODUCT_NAME = "$(TARGET_NAME)";
				SDKROOT = macosx;
				SKIP_INSTALL = YES;
				WRAPPER_EXTENSION = bundle;
			};
			name = Release;
		};
		D88C9CF0207F6E6C006338E3 /* Debug */ = {
			isa = XCBuildConfiguration;
			buildSettings = {
				ALWAYS_SEARCH_USER_PATHS = NO;
				CLANG_ANALYZER_NONNULL = YES;
				CLANG_ANALYZER_NUMBER_OBJECT_CONVERSION = YES_AGGRESSIVE;
				CLANG_CXX_LANGUAGE_STANDARD = "c++0x";
				CLANG_CXX_LIBRARY = "libc++";
				CLANG_ENABLE_MODULES = YES;
				CLANG_ENABLE_OBJC_ARC = YES;
				CLANG_WARN_BLOCK_CAPTURE_AUTORELEASING = YES;
				CLANG_WARN_BOOL_CONVERSION = YES;
				CLANG_WARN_COMMA = YES;
				CLANG_WARN_CONSTANT_CONVERSION = YES;
				CLANG_WARN_DIRECT_OBJC_ISA_USAGE = YES_ERROR;
				CLANG_WARN_DOCUMENTATION_COMMENTS = YES;
				CLANG_WARN_EMPTY_BODY = YES;
				CLANG_WARN_ENUM_CONVERSION = YES;
				CLANG_WARN_INFINITE_RECURSION = YES;
				CLANG_WARN_INT_CONVERSION = YES;
				CLANG_WARN_NON_LITERAL_NULL_CONVERSION = YES;
				CLANG_WARN_OBJC_LITERAL_CONVERSION = YES;
				CLANG_WARN_OBJC_ROOT_CLASS = YES_ERROR;
				CLANG_WARN_RANGE_LOOP_ANALYSIS = YES;
				CLANG_WARN_STRICT_PROTOTYPES = YES;
				CLANG_WARN_SUSPICIOUS_MOVE = YES;
				CLANG_WARN_UNGUARDED_AVAILABILITY = YES_AGGRESSIVE;
				CLANG_WARN_UNREACHABLE_CODE = YES;
				CLANG_WARN__DUPLICATE_METHOD_MATCH = YES;
				CODE_SIGN_IDENTITY = "iPhone Developer";
				CODE_SIGN_STYLE = Automatic;
				CONFIGURATION_BUILD_DIR = "$(PROJECT_DIR)/../build/ios/$(ARCHS)/$(CONFIGURATION)";
				COPY_PHASE_STRIP = NO;
				DEBUG_INFORMATION_FORMAT = dwarf;
				ENABLE_STRICT_OBJC_MSGSEND = YES;
				ENABLE_TESTABILITY = YES;
				GCC_C_LANGUAGE_STANDARD = gnu11;
				GCC_DYNAMIC_NO_PIC = NO;
				GCC_NO_COMMON_BLOCKS = YES;
				GCC_OPTIMIZATION_LEVEL = 0;
				GCC_PREPROCESSOR_DEFINITIONS = (
					"DEBUG=1",
					"$(inherited)",
				);
				GCC_WARN_64_TO_32_BIT_CONVERSION = YES;
				GCC_WARN_ABOUT_RETURN_TYPE = YES_ERROR;
				GCC_WARN_UNDECLARED_SELECTOR = YES;
				GCC_WARN_UNINITIALIZED_AUTOS = YES_AGGRESSIVE;
				GCC_WARN_UNUSED_FUNCTION = YES;
				GCC_WARN_UNUSED_VARIABLE = YES;
				HEADER_SEARCH_PATHS = "$(PROJECT_DIR)/../source";
				IPHONEOS_DEPLOYMENT_TARGET = 8.0;
				MTL_ENABLE_DEBUG_INFO = YES;
				ONLY_ACTIVE_ARCH = YES;
				OTHER_CFLAGS = (
					"-Wno-unused-function",
					"-Wno-#warnings",
				);
				OTHER_LDFLAGS = "-ObjC";
				PRODUCT_NAME = Hv_{{patch_name}}_AudioLib;
				SDKROOT = iphoneos;
				SKIP_INSTALL = YES;
				TARGETED_DEVICE_FAMILY = "1,2";
			};
			name = Debug;
		};
		D88C9CF1207F6E6C006338E3 /* Release */ = {
			isa = XCBuildConfiguration;
			buildSettings = {
				ALWAYS_SEARCH_USER_PATHS = NO;
				CLANG_ANALYZER_NONNULL = YES;
				CLANG_ANALYZER_NUMBER_OBJECT_CONVERSION = YES_AGGRESSIVE;
				CLANG_CXX_LANGUAGE_STANDARD = "c++0x";
				CLANG_CXX_LIBRARY = "libc++";
				CLANG_ENABLE_MODULES = YES;
				CLANG_ENABLE_OBJC_ARC = YES;
				CLANG_WARN_BLOCK_CAPTURE_AUTORELEASING = YES;
				CLANG_WARN_BOOL_CONVERSION = YES;
				CLANG_WARN_COMMA = YES;
				CLANG_WARN_CONSTANT_CONVERSION = YES;
				CLANG_WARN_DIRECT_OBJC_ISA_USAGE = YES_ERROR;
				CLANG_WARN_DOCUMENTATION_COMMENTS = YES;
				CLANG_WARN_EMPTY_BODY = YES;
				CLANG_WARN_ENUM_CONVERSION = YES;
				CLANG_WARN_INFINITE_RECURSION = YES;
				CLANG_WARN_INT_CONVERSION = YES;
				CLANG_WARN_NON_LITERAL_NULL_CONVERSION = YES;
				CLANG_WARN_OBJC_LITERAL_CONVERSION = YES;
				CLANG_WARN_OBJC_ROOT_CLASS = YES_ERROR;
				CLANG_WARN_RANGE_LOOP_ANALYSIS = YES;
				CLANG_WARN_STRICT_PROTOTYPES = YES;
				CLANG_WARN_SUSPICIOUS_MOVE = YES;
				CLANG_WARN_UNGUARDED_AVAILABILITY = YES_AGGRESSIVE;
				CLANG_WARN_UNREACHABLE_CODE = YES;
				CLANG_WARN__DUPLICATE_METHOD_MATCH = YES;
				CODE_SIGN_IDENTITY = "iPhone Developer";
				CODE_SIGN_STYLE = Automatic;
				CONFIGURATION_BUILD_DIR = "$(PROJECT_DIR)/../build/ios/$(ARCHS)/$(CONFIGURATION)";
				COPY_PHASE_STRIP = NO;
				DEBUG_INFORMATION_FORMAT = "dwarf-with-dsym";
				ENABLE_NS_ASSERTIONS = NO;
				ENABLE_STRICT_OBJC_MSGSEND = YES;
				GCC_C_LANGUAGE_STANDARD = gnu11;
				GCC_NO_COMMON_BLOCKS = YES;
				GCC_WARN_64_TO_32_BIT_CONVERSION = YES;
				GCC_WARN_ABOUT_RETURN_TYPE = YES_ERROR;
				GCC_WARN_UNDECLARED_SELECTOR = YES;
				GCC_WARN_UNINITIALIZED_AUTOS = YES_AGGRESSIVE;
				GCC_WARN_UNUSED_FUNCTION = YES;
				GCC_WARN_UNUSED_VARIABLE = YES;
				HEADER_SEARCH_PATHS = "$(PROJECT_DIR)/../source";
				IPHONEOS_DEPLOYMENT_TARGET = 8.0;
				MTL_ENABLE_DEBUG_INFO = NO;
				OTHER_LDFLAGS = "-ObjC";
				OTHER_CFLAGS = (
					"-ffast-math",
					"-DNDEBUG",
					"-Wno-#warnings",
					"-Wno-unused-function",
				);
				PRODUCT_NAME = Hv_{{patch_name}}_AudioLib;
				SDKROOT = iphoneos;
				SKIP_INSTALL = YES;
				TARGETED_DEVICE_FAMILY = "1,2";
				VALIDATE_PRODUCT = YES;
			};
			name = Release;
		};
		D8D3D5001E23D2AB0071977E /* Debug */ = {
			isa = XCBuildConfiguration;
			buildSettings = {
			};
			name = Debug;
		};
		D8D3D5011E23D2AB0071977E /* Release */ = {
			isa = XCBuildConfiguration;
			buildSettings = {
			};
			name = Release;
		};
		D8D3D50B1E23D2E00071977E /* Debug */ = {
			isa = XCBuildConfiguration;
			buildSettings = {
				ALWAYS_SEARCH_USER_PATHS = NO;
				CLANG_ANALYZER_NONNULL = YES;
				CLANG_CXX_LANGUAGE_STANDARD = "c++0x";
				CLANG_CXX_LIBRARY = "libc++";
				CLANG_ENABLE_MODULES = YES;
				CLANG_ENABLE_OBJC_ARC = YES;
				CLANG_WARN_BOOL_CONVERSION = YES;
				CLANG_WARN_CONSTANT_CONVERSION = YES;
				CLANG_WARN_DIRECT_OBJC_ISA_USAGE = YES_ERROR;
				CLANG_WARN_DOCUMENTATION_COMMENTS = YES;
				CLANG_WARN_EMPTY_BODY = YES;
				CLANG_WARN_ENUM_CONVERSION = YES;
				CLANG_WARN_INFINITE_RECURSION = YES;
				CLANG_WARN_INT_CONVERSION = YES;
				CLANG_WARN_OBJC_ROOT_CLASS = YES_ERROR;
				CLANG_WARN_SUSPICIOUS_MOVE = YES;
				CLANG_WARN_UNREACHABLE_CODE = YES;
				CLANG_WARN__DUPLICATE_METHOD_MATCH = YES;
				CODE_SIGN_IDENTITY = "-";
				COMBINE_HIDPI_IMAGES = YES;
				CONFIGURATION_BUILD_DIR = "$(PROJECT_DIR)/../build/macos/$(ARCHS)/$(CONFIGURATION)";
				COPY_PHASE_STRIP = NO;
				DEBUG_INFORMATION_FORMAT = dwarf;
				ENABLE_STRICT_OBJC_MSGSEND = YES;
				ENABLE_TESTABILITY = YES;
				GCC_C_LANGUAGE_STANDARD = c11;
				GCC_ENABLE_CPP_EXCEPTIONS = NO;
				GCC_ENABLE_CPP_RTTI = NO;
				GCC_DYNAMIC_NO_PIC = NO;
				GCC_NO_COMMON_BLOCKS = YES;
				GCC_OPTIMIZATION_LEVEL = 0;
				GCC_PREPROCESSOR_DEFINITIONS = (
					"DEBUG=1",
					"$(inherited)",
				);
				GCC_WARN_64_TO_32_BIT_CONVERSION = YES;
				GCC_WARN_ABOUT_RETURN_TYPE = YES_ERROR;
				GCC_WARN_UNDECLARED_SELECTOR = YES;
				GCC_WARN_UNINITIALIZED_AUTOS = YES_AGGRESSIVE;
				GCC_WARN_UNUSED_FUNCTION = YES;
				GCC_WARN_UNUSED_VARIABLE = YES;
				HEADER_SEARCH_PATHS = "$(PROJECT_DIR)/../source";
				INFOPLIST_FILE = "$(SRCROOT)/Info.plist";
				INSTALL_PATH = "$(LOCAL_LIBRARY_DIR)/Bundles";
				MACOSX_DEPLOYMENT_TARGET = 10.7;
				MTL_ENABLE_DEBUG_INFO = YES;
				ONLY_ACTIVE_ARCH = YES;
				OTHER_CFLAGS = (
					"-msse4.1",
					"-Wno-#warnings",
					"-Wno-unused-function",
				);
				PRODUCT_BUNDLE_IDENTIFIER = "enzn.Hv-{{patch_name}}-AudioLib";
				PRODUCT_NAME = "$(TARGET_NAME)";
				SDKROOT = macosx;
				SKIP_INSTALL = YES;
				WRAPPER_EXTENSION = bundle;
			};
			name = Debug;
		};
		D8D3D50C1E23D2E00071977E /* Release */ = {
			isa = XCBuildConfiguration;
			buildSettings = {
				ALWAYS_SEARCH_USER_PATHS = NO;
				CLANG_ANALYZER_NONNULL = YES;
				CLANG_CXX_LANGUAGE_STANDARD = "c++0x";
				CLANG_CXX_LIBRARY = "libc++";
				CLANG_ENABLE_MODULES = YES;
				CLANG_ENABLE_OBJC_ARC = YES;
				CLANG_WARN_BOOL_CONVERSION = YES;
				CLANG_WARN_CONSTANT_CONVERSION = YES;
				CLANG_WARN_DIRECT_OBJC_ISA_USAGE = YES_ERROR;
				CLANG_WARN_DOCUMENTATION_COMMENTS = YES;
				CLANG_WARN_EMPTY_BODY = YES;
				CLANG_WARN_ENUM_CONVERSION = YES;
				CLANG_WARN_INFINITE_RECURSION = YES;
				CLANG_WARN_INT_CONVERSION = YES;
				CLANG_WARN_OBJC_ROOT_CLASS = YES_ERROR;
				CLANG_WARN_SUSPICIOUS_MOVE = YES;
				CLANG_WARN_UNREACHABLE_CODE = YES;
				CLANG_WARN__DUPLICATE_METHOD_MATCH = YES;
				CODE_SIGN_IDENTITY = "-";
				COMBINE_HIDPI_IMAGES = YES;
				CONFIGURATION_BUILD_DIR = "$(PROJECT_DIR)/../build/macos/$(ARCHS)/$(CONFIGURATION)";
				COPY_PHASE_STRIP = NO;
				DEBUG_INFORMATION_FORMAT = "dwarf-with-dsym";
				ENABLE_NS_ASSERTIONS = NO;
				ENABLE_STRICT_OBJC_MSGSEND = YES;
				GCC_C_LANGUAGE_STANDARD = c11;
				GCC_ENABLE_CPP_EXCEPTIONS = NO;
				GCC_ENABLE_CPP_RTTI = NO;
				GCC_ENABLE_CPP_EXCEPTIONS = NO;
				GCC_ENABLE_CPP_RTTI = NO;
				GCC_GENERATE_DEBUGGING_SYMBOLS = NO;
				GCC_NO_COMMON_BLOCKS = YES;
				GCC_WARN_64_TO_32_BIT_CONVERSION = YES;
				GCC_WARN_ABOUT_RETURN_TYPE = YES_ERROR;
				GCC_WARN_UNDECLARED_SELECTOR = YES;
				GCC_WARN_UNINITIALIZED_AUTOS = YES_AGGRESSIVE;
				GCC_WARN_UNUSED_FUNCTION = YES;
				GCC_WARN_UNUSED_VARIABLE = YES;
				HEADER_SEARCH_PATHS = "$(PROJECT_DIR)/../source";
				INFOPLIST_FILE = "$(SRCROOT)/Info.plist";
				INSTALL_PATH = "$(LOCAL_LIBRARY_DIR)/Bundles";
				MACOSX_DEPLOYMENT_TARGET = 10.7;
				MTL_ENABLE_DEBUG_INFO = NO;
				OTHER_CFLAGS = (
					"-msse4.1",
					"-ffast-math",
					"-DNDEBUG",
					"-Wno-#warnings",
					"-Wno-unused-function",
				);
				PRODUCT_BUNDLE_IDENTIFIER = "enzn.Hv-{{patch_name}}-AudioLib";
				PRODUCT_NAME = "$(TARGET_NAME)";
				SDKROOT = macosx;
				SKIP_INSTALL = YES;
				WRAPPER_EXTENSION = bundle;
			};
			name = Release;
		};
/* End XCBuildConfiguration section */

/* Begin XCConfigurationList section */
		D854D72A1E23D37A0025E5F1 /* Build configuration list for PBXNativeTarget "AudioPlugin_Hv_{{patch_name}}" */ = {
			isa = XCConfigurationList;
			buildConfigurations = (
				D854D72B1E23D37A0025E5F1 /* Debug */,
				D854D72C1E23D37A0025E5F1 /* Release */,
			);
			defaultConfigurationIsVisible = 0;
			defaultConfigurationName = Release;
		};
		D88C9CF2207F6E6C006338E3 /* Build configuration list for PBXNativeTarget "Hv_{{patch_name}}_AudioLib_iOS" */ = {
			isa = XCConfigurationList;
			buildConfigurations = (
				D88C9CF0207F6E6C006338E3 /* Debug */,
				D88C9CF1207F6E6C006338E3 /* Release */,
			);
			defaultConfigurationIsVisible = 0;
			defaultConfigurationName = Release;
		};
		D8D3D4FF1E23D2AB0071977E /* Build configuration list for PBXProject "Hv_{{patch_name}}_Unity" */ = {
			isa = XCConfigurationList;
			buildConfigurations = (
				D8D3D5001E23D2AB0071977E /* Debug */,
				D8D3D5011E23D2AB0071977E /* Release */,
			);
			defaultConfigurationIsVisible = 0;
			defaultConfigurationName = Release;
		};
		D8D3D50A1E23D2E00071977E /* Build configuration list for PBXNativeTarget "Hv_{{patch_name}}_AudioLib" */ = {
			isa = XCConfigurationList;
			buildConfigurations = (
				D8D3D50B1E23D2E00071977E /* Debug */,
				D8D3D50C1E23D2E00071977E /* Release */,
			);
			defaultConfigurationIsVisible = 0;
			defaultConfigurationName = Release;
		};
/* End XCConfigurationList section */
	};
	rootObject = D8D3D4FC1E23D2AB0071977E /* Project object */;
}
