// !$*UTF8*$!
{
	archiveVersion = 1;
	classes = {
	};
	objectVersion = 46;
	objects = {

/* Begin PBXBuildFile section */
		{%- for f in files if f.endswith((".h", ".hpp")) %}
		{{f|xcode_build}} /* {{f}} in Headers */ = {isa = PBXBuildFile; fileRef = {{f|xcode_fileref}} /* {{f}} */; };
    {%- endfor %}
    {%- for f in files if f.endswith((".c", ".cpp")) %}
		{{f|xcode_build}} /* {{f}} in Sources */ = {isa = PBXBuildFile; fileRef = {{f|xcode_fileref}} /* {{f}} */; };
    {%- endfor %}
		D8331EF81CE128BD003BFBA7 /* Hv_{{name}}_Wwise{{plugin_type}}PluginFactory.h in Headers */ = {isa = PBXBuildFile; fileRef = D8331ED01CE128BD003BFBA7 /* Hv_{{name}}_Wwise{{plugin_type}}PluginFactory.h */; };
		D8331EF91CE128BD003BFBA7 /* Hv_{{name}}_WwisePluginIDs.h in Headers */ = {isa = PBXBuildFile; fileRef = D8331ED11CE128BD003BFBA7 /* Hv_{{name}}_WwisePluginIDs.h */; };
		D8331F1C1CE128BD003BFBA7 /* Hv_{{name}}_Wwise{{plugin_type}}PluginEngine.h in Headers */ = {isa = PBXBuildFile; fileRef = D8331EEC1CE128BD003BFBA7 /* Hv_{{name}}_Wwise{{plugin_type}}PluginEngine.h */; };
		D8331F201CE1295C003BFBA7 /* Hv_{{name}}_Wwise{{plugin_type}}PluginEngine.cpp in Sources */ = {isa = PBXBuildFile; fileRef = D8331EEB1CE128BD003BFBA7 /* Hv_{{name}}_Wwise{{plugin_type}}PluginEngine.cpp */; };
		D8331F1F1CE128BD003BFBA7 /* Hv_{{name}}_WwisePluginEngineParams.h in Headers */ = {isa = PBXBuildFile; fileRef = D8331EEE1CE128BD003BFBA7 /* Hv_{{name}}_WwisePluginEngineParams.h */; };
		D8331F1E1CE128BD003BFBA7 /* Hv_{{name}}_WwisePluginEngineParams.cpp in Sources */ = {isa = PBXBuildFile; fileRef = D8331EED1CE128BD003BFBA7 /* Hv_{{name}}_WwisePluginEngineParams.cpp */; };
		D8857DFD1CE1576C00A7B30F /* Hv_{{name}}_WwisePluginRegister.cpp in Sources */ = {isa = PBXBuildFile; fileRef = D8331EE91CE128BD003BFBA7 /* Hv_{{name}}_WwisePluginRegister.cpp */; };
		D8857DF31CE1525C00A7B30F /* Hv_{{name}}_Wwise{{plugin_type}}PluginFactory.h in CopyFiles */ = {isa = PBXBuildFile; fileRef = D8331ED01CE128BD003BFBA7 /* Hv_{{name}}_Wwise{{plugin_type}}PluginFactory.h */; };
		D8857DFE1CE1578D00A7B30F /* libHv_{{name}}_Wwise{{plugin_type}}Engine.a in Frameworks */ = {isa = PBXBuildFile; fileRef = D8C486EF1CDCD6B9000B3BCC /* libHv_{{name}}_Wwise{{plugin_type}}Engine.a */; };
/* End PBXBuildFile section */

/* Begin PBXContainerItemProxy section */
		D8857DFF1CE1595E00A7B30F /* PBXContainerItemProxy */ = {
			isa = PBXContainerItemProxy;
			containerPortal = D8C486DA1CDCD5C1000B3BCC /* Project object */;
			proxyType = 1;
			remoteGlobalIDString = D8C486EE1CDCD6B9000B3BCC;
			remoteInfo = Hv_{{name}}_Wwise{{plugin_type}}Engine;
		};
/* End PBXContainerItemProxy section */

/* Begin PBXCopyFilesBuildPhase section */
		D8857DF21CE1524800A7B30F /* CopyFiles */ = {
			isa = PBXCopyFilesBuildPhase;
			buildActionMask = 12;
			dstPath = "";
			dstSubfolderSpec = 16;
			files = (
				D8857DF31CE1525C00A7B30F /* Hv_{{name}}_Wwise{{plugin_type}}PluginFactory.h in CopyFiles */,
			);
			runOnlyForDeploymentPostprocessing = 0;
		};
		D8857E071CE15D4900A7B30F /* CopyFiles */ = {
			isa = PBXCopyFilesBuildPhase;
			buildActionMask = 2147483647;
			dstPath = "";
			dstSubfolderSpec = 16;
			files = (
				D8857DF31CE1525C00A7B30F /* Hv_{{name}}_Wwise{{plugin_type}}PluginFactory.h in CopyFiles */,
			);
			runOnlyForDeploymentPostprocessing = 0;
		};
/* End PBXCopyFilesBuildPhase section */

/* Begin PBXFileReference section */
		{%- for f in files if f.endswith((".h", ".hpp")) %}
		{{f|xcode_fileref}} /* {{f}} */ = {isa = PBXFileReference; fileEncoding = 4; lastKnownFileType = sourcecode.c.h; name = {{f}}; path = ../source/heavy/{{f}}; sourceTree = SOURCE_ROOT; };
		{%- endfor %}
		{%- for f in files if f.endswith(".c") %}
		{{f|xcode_fileref}} /* {{f}} */ = {isa = PBXFileReference; fileEncoding = 4; lastKnownFileType = sourcecode.c.c; name = {{f}}; path = ../source/heavy/{{f}}; sourceTree = SOURCE_ROOT; };
		{%- endfor %}
		{%- for f in files if f.endswith(".cpp") %}
		{{f|xcode_fileref}} /* {{f}} */ = {isa = PBXFileReference; fileEncoding = 4; lastKnownFileType = sourcecode.cpp.cpp; name = {{f}}; path = ../source/heavy/{{f}}; sourceTree = SOURCE_ROOT; };
		{%- endfor %}
		D8331ED01CE128BD003BFBA7 /* Hv_{{name}}_Wwise{{plugin_type}}PluginFactory.h */ = {isa = PBXFileReference; fileEncoding = 4; lastKnownFileType = sourcecode.c.h; name = Hv_{{name}}_Wwise{{plugin_type}}PluginFactory.h; path = ../source/include/Hv_{{name}}_Wwise{{plugin_type}}PluginFactory.h; sourceTree = SOURCE_ROOT; };
		D8331ED11CE128BD003BFBA7 /* Hv_{{name}}_WwisePluginIDs.h */ = {isa = PBXFileReference; fileEncoding = 4; lastKnownFileType = sourcecode.c.h; name = Hv_{{name}}_WwisePluginIDs.h; path = ../source/include/Hv_{{name}}_WwisePluginIDs.h; sourceTree = SOURCE_ROOT; };
		D8331EEC1CE128BD003BFBA7 /* Hv_{{name}}_Wwise{{plugin_type}}PluginEngine.h */ = {isa = PBXFileReference; fileEncoding = 4; lastKnownFileType = sourcecode.c.h; path = Hv_{{name}}_Wwise{{plugin_type}}PluginEngine.h; sourceTree = "<group>"; };
		D8331EEE1CE128BD003BFBA7 /* Hv_{{name}}_WwisePluginEngineParams.h */ = {isa = PBXFileReference; fileEncoding = 4; lastKnownFileType = sourcecode.c.h; path = Hv_{{name}}_WwisePluginEngineParams.h; sourceTree = "<group>"; };
		D8331EED1CE128BD003BFBA7 /* Hv_{{name}}_WwisePluginEngineParams.cpp */ = {isa = PBXFileReference; fileEncoding = 4; lastKnownFileType = sourcecode.cpp.cpp; path = Hv_{{name}}_WwisePluginEngineParams.cpp; sourceTree = "<group>"; };
		D8331EEB1CE128BD003BFBA7 /* Hv_{{name}}_Wwise{{plugin_type}}PluginEngine.cpp */ = {isa = PBXFileReference; fileEncoding = 4; lastKnownFileType = sourcecode.cpp.cpp; path = Hv_{{name}}_Wwise{{plugin_type}}PluginEngine.cpp; sourceTree = "<group>"; };
		D8331EE91CE128BD003BFBA7 /* Hv_{{name}}_WwisePluginRegister.cpp */ = {isa = PBXFileReference; fileEncoding = 4; lastKnownFileType = sourcecode.cpp.cpp; path = Hv_{{name}}_WwisePluginRegister.cpp; sourceTree = "<group>"; };
		D8857DF91CE1554F00A7B30F /* Hv_{{name}}_Wwise{{plugin_type}}Plugin.dylib */ = {isa = PBXFileReference; explicitFileType = "compiled.mach-o.dylib"; includeInIndex = 0; path = Hv_{{name}}_Wwise{{plugin_type}}Plugin.dylib; sourceTree = BUILT_PRODUCTS_DIR; };
		D8857E091CE15D4900A7B30F /* libHv_{{name}}_Wwise{{plugin_type}}Plugin.a */ = {isa = PBXFileReference; explicitFileType = archive.ar; includeInIndex = 0; path = libHv_{{name}}_Wwise{{plugin_type}}Plugin.a; sourceTree = BUILT_PRODUCTS_DIR; };
		D8C486EF1CDCD6B9000B3BCC /* libHv_{{name}}_Wwise{{plugin_type}}Engine.a */ = {isa = PBXFileReference; explicitFileType = archive.ar; includeInIndex = 0; path = libHv_{{name}}_Wwise{{plugin_type}}Engine.a; sourceTree = BUILT_PRODUCTS_DIR; };
		D8C486E51CDCD5C1000B3BCC /* Info.plist */ = {isa = PBXFileReference; lastKnownFileType = text.plist.xml; path = Info.plist; sourceTree = "<group>"; };
		D8851B631CE1271600D6BE37 /* wwise.xcconfig */ = {isa = PBXFileReference; lastKnownFileType = text.xcconfig; path = wwise.xcconfig; sourceTree = SOURCE_ROOT; };
/* End PBXFileReference section */

/* Begin PBXFrameworksBuildPhase section */
		D8857DF61CE1554F00A7B30F /* Frameworks */ = {
			isa = PBXFrameworksBuildPhase;
			buildActionMask = 2147483647;
			files = (
				D8857DFE1CE1578D00A7B30F /* libHv_{{name}}{{name}}_Wwise{{plugin_type}}Engine.a in Frameworks */,
			);
			runOnlyForDeploymentPostprocessing = 0;
		};
		D8857E061CE15D4900A7B30F /* Frameworks */ = {
			isa = PBXFrameworksBuildPhase;
			buildActionMask = 2147483647;
			files = (
			);
			runOnlyForDeploymentPostprocessing = 0;
		};
		D8C486EC1CDCD6B9000B3BCC /* Frameworks */ = {
			isa = PBXFrameworksBuildPhase;
			buildActionMask = 2147483647;
			files = (
			);
			runOnlyForDeploymentPostprocessing = 0;
		};
/* End PBXFrameworksBuildPhase section */

/* Begin PBXGroup section */
		D8331EC61CE128BD003BFBA7 /* source */ = {
			isa = PBXGroup;
			children = (
				D8331ECF1CE128BD003BFBA7 /* include */,
				D8331ED31CE128BD003BFBA7 /* heavy */,
				D8331EE81CE128BD003BFBA7 /* runtime */,
				D8331EEA1CE128BD003BFBA7 /* source_engine */,
			);
			name = source;
			path = ../source;
			sourceTree = SOURCE_ROOT;
		};
		D8331ECF1CE128BD003BFBA7 /* include */ = {
			isa = PBXGroup;
			children = (
				D8331ED01CE128BD003BFBA7 /* Hv_{{name}}_Wwise{{plugin_type}}PluginFactory.h */,
				D8331ED11CE128BD003BFBA7 /* Hv_{{name}}_WwisePluginIDs.h */,
			);
			name = include;
			path = ../source/include;
			sourceTree = SOURCE_ROOT;
		};
		D8331ED31CE128BD003BFBA7 /* heavy */ = {
			isa = PBXGroup;
			children = (
				{%- for f in files %}
				{{f|xcode_fileref}} /* {{f}} */,
        {%- endfor %}
			);
			name = heavy;
			path = ../source/heavy;
			sourceTree = SOURCE_ROOT;
		};
		D8331EE81CE128BD003BFBA7 /* runtime */ = {
			isa = PBXGroup;
			children = (
				D8331EE91CE128BD003BFBA7 /* Hv_{{name}}_WwisePluginRegister.cpp */,
			);
			path = runtime;
			sourceTree = "<group>";
		};
		D8331EEA1CE128BD003BFBA7 /* source_engine */ = {
			isa = PBXGroup;
			children = (
				D8331EEB1CE128BD003BFBA7 /* Hv_{{name}}_Wwise{{plugin_type}}PluginEngine.cpp */,
				D8331EEC1CE128BD003BFBA7 /* Hv_{{name}}_Wwise{{plugin_type}}PluginEngine.h */,
				D8331EED1CE128BD003BFBA7 /* Hv_{{name}}_WwisePluginEngineParams.cpp */,
				D8331EEE1CE128BD003BFBA7 /* Hv_{{name}}_WwisePluginEngineParams.h */,
			);
			path = engine;
			sourceTree = "<group>";
		};
		D8C486D91CDCD5C1000B3BCC = {
			isa = PBXGroup;
			children = (
				D8331EC61CE128BD003BFBA7 /* source */,
				D8C486E51CDCD5C1000B3BCC /* Info.plist */,
				D8851B631CE1271600D6BE37 /* wwise.xcconfig */,
				D8C486E31CDCD5C1000B3BCC /* Products */,
			);
			sourceTree = "<group>";
		};
		D8C486E31CDCD5C1000B3BCC /* Products */ = {
			isa = PBXGroup;
			children = (
				D8C486EF1CDCD6B9000B3BCC /* libHv_{{name}}_Wwise{{plugin_type}}Engine.a */,
				D8857DF91CE1554F00A7B30F /* Hv_{{name}}_Wwise{{plugin_type}}Plugin.dylib */,
				D8857E091CE15D4900A7B30F /* libHv_{{name}}_Wwise{{plugin_type}}Plugin.a */,
			);
			name = Products;
			sourceTree = "<group>";
		};
/* End PBXGroup section */

/* Begin PBXHeadersBuildPhase section */
		D8857DF71CE1554F00A7B30F /* Headers */ = {
			isa = PBXHeadersBuildPhase;
			buildActionMask = 2147483647;
			files = (
			);
			runOnlyForDeploymentPostprocessing = 0;
		};
		D8C486ED1CDCD6B9000B3BCC /* Headers */ = {
			isa = PBXHeadersBuildPhase;
			buildActionMask = 2147483647;
			files = (
				{%- for f in files if f.endswith((".h", ".hpp")) %}
				{{f|xcode_build}} /* {{f}} in Headers */,
		    {%- endfor %}
				D8331EF81CE128BD003BFBA7 /* Hv_{{name}}_Wwise{{plugin_type}}PluginFactory.h in Headers */,
				D8331EF91CE128BD003BFBA7 /* Hv_{{name}}_WwisePluginIDs.h in Headers */,
				D8331F1C1CE128BD003BFBA7 /* Hv_{{name}}_Wwise{{plugin_type}}PluginEngine.h in Headers */,
				D8331F1F1CE128BD003BFBA7 /* Hv_{{name}}_WwisePluginEngineParams.h in Headers */,
			);
			runOnlyForDeploymentPostprocessing = 0;
		};
/* End PBXHeadersBuildPhase section */

/* Begin PBXNativeTarget section */
		D8857DF81CE1554F00A7B30F /* Hv_{{name}}_Wwise{{plugin_type}}Plugin */ = {
			isa = PBXNativeTarget;
			buildConfigurationList = D8857DFC1CE1554F00A7B30F /* Build configuration list for PBXNativeTarget "Hv_{{name}}_Wwise{{plugin_type}}Plugin" */;
			buildPhases = (
				D8857DF51CE1554F00A7B30F /* Sources */,
				D8857DF61CE1554F00A7B30F /* Frameworks */,
				D8857DF71CE1554F00A7B30F /* Headers */,
				D8857E041CE15A3400A7B30F /* ShellScript */,
			);
			buildRules = (
			);
			dependencies = (
				D8857E001CE1595E00A7B30F /* PBXTargetDependency */,
			);
			name = Hv_{{name}}_Wwise{{plugin_type}}Plugin;
			productName = Hv_{{name}}_Wwise{{plugin_type}}Plugin;
			productReference = D8857DF91CE1554F00A7B30F /* Hv_{{name}}_Wwise{{plugin_type}}Plugin.dylib */;
			productType = "com.apple.product-type.library.dynamic";
		};
		D8857E081CE15D4900A7B30F /* Hv_{{name}}_Wwise{{plugin_type}}Plugin_iOS */ = {
			isa = PBXNativeTarget;
			buildConfigurationList = D8857E0F1CE15D4A00A7B30F /* Build configuration list for PBXNativeTarget "Hv_{{name}}_Wwise{{plugin_type}}Plugin_iOS" */;
			buildPhases = (
				D8857E051CE15D4900A7B30F /* Sources */,
				D8857E061CE15D4900A7B30F /* Frameworks */,
				D8857E071CE15D4900A7B30F /* CopyFiles */,
			);
			buildRules = (
			);
			dependencies = (
			);
			name = Hv_{{name}}_Wwise{{plugin_type}}Plugin_iOS;
			productName = Hv_{{name}}_Wwise{{plugin_type}}Plugin_iOS;
			productReference = D8857E091CE15D4900A7B30F /* libHv_{{name}}_Wwise{{plugin_type}}Plugin.a */;
			productType = "com.apple.product-type.library.static";
		};
		D8C486EE1CDCD6B9000B3BCC /* Hv_{{name}}_Wwise{{plugin_type}}Engine */ = {
			isa = PBXNativeTarget;
			buildConfigurationList = D8C486F21CDCD6B9000B3BCC /* Build configuration list for PBXNativeTarget "Hv_{{name}}_Wwise{{plugin_type}}Engine" */;
			buildPhases = (
				D8C486EB1CDCD6B9000B3BCC /* Sources */,
				D8C486EC1CDCD6B9000B3BCC /* Frameworks */,
				D8C486ED1CDCD6B9000B3BCC /* Headers */,
				D8857DF21CE1524800A7B30F /* CopyFiles */,
				D8857DF41CE152A100A7B30F /* ShellScript */,
			);
			buildRules = (
			);
			dependencies = (
			);
			name = Hv_{{name}}_Wwise{{plugin_type}}Engine;
			productName = Hv_{{name}}_Wwise{{plugin_type}}Engine;
			productReference = D8C486EF1CDCD6B9000B3BCC /* libHv_{{name}}_Wwise{{plugin_type}}Engine.a */;
			productType = "com.apple.product-type.library.static";
		};
/* End PBXNativeTarget section */

/* Begin PBXProject section */
		D8C486DA1CDCD5C1000B3BCC /* Project object */ = {
			isa = PBXProject;
			attributes = {
				LastUpgradeCheck = 0730;
				ORGANIZATIONNAME = "Enzien Audio";
				TargetAttributes = {
					D8857DF81CE1554F00A7B30F = {
						CreatedOnToolsVersion = 7.3;
					};
					D8857E081CE15D4900A7B30F = {
						CreatedOnToolsVersion = 7.3;
					};
					D8C486EE1CDCD6B9000B3BCC = {
						CreatedOnToolsVersion = 7.3;
					};
				};
			};
			buildConfigurationList = D8C486DD1CDCD5C1000B3BCC /* Build configuration list for PBXProject "Hv_{{name}}_WwisePlugin" */;
			compatibilityVersion = "Xcode 3.2";
			developmentRegion = English;
			hasScannedForEncodings = 0;
			knownRegions = (
				en,
			);
			mainGroup = D8C486D91CDCD5C1000B3BCC;
			productRefGroup = D8C486E31CDCD5C1000B3BCC /* Products */;
			projectDirPath = "";
			projectRoot = "";
			targets = (
				D8C486EE1CDCD6B9000B3BCC /* Hv_{{name}}_Wwise{{plugin_type}}Engine */,
				D8857DF81CE1554F00A7B30F /* Hv_{{name}}_Wwise{{plugin_type}}Plugin */,
				D8857E081CE15D4900A7B30F /* Hv_{{name}}_Wwise{{plugin_type}}Plugin_iOS */,
			);
		};
/* End PBXProject section */

/* Begin PBXShellScriptBuildPhase section */
		D8857DF41CE152A100A7B30F /* ShellScript */ = {
			isa = PBXShellScriptBuildPhase;
			buildActionMask = 2147483647;
			files = (
			);
			inputPaths = (
			);
			outputPaths = (
			);
			runOnlyForDeploymentPostprocessing = 0;
			shellPath = /bin/sh;
			shellScript = "";
		};
		D8857E041CE15A3400A7B30F /* ShellScript */ = {
			isa = PBXShellScriptBuildPhase;
			buildActionMask = 2147483647;
			files = (
			);
			inputPaths = (
				"$(CONFIGURATION_BUILD_DIR)/libHv_{{name}}_Wwise{{plugin_type}}Plugin.dylib",
			);
			outputPaths = (
				"$(CONFIGURATION_BUILD_DIR)/libHv_{{name}}_Wwise{{plugin_type}}Plugin.bundle",
			);
			runOnlyForDeploymentPostprocessing = 0;
			shellPath = /bin/sh;
			shellScript = "echo \"Copying ${SCRIPT_INPUT_FILE_0} to ${SCRIPT_OUTPUT_FILE_0}\"\ncp ${SCRIPT_INPUT_FILE_0} ${SCRIPT_OUTPUT_FILE_0}";
		};
/* End PBXShellScriptBuildPhase section */

/* Begin PBXSourcesBuildPhase section */
		D8857DF51CE1554F00A7B30F /* Sources */ = {
			isa = PBXSourcesBuildPhase;
			buildActionMask = 2147483647;
			files = (
				D8857DFD1CE1576C00A7B30F /* Hv_{{name}}_WwisePluginRegister.cpp in Sources */,
			);
			runOnlyForDeploymentPostprocessing = 0;
		};
		D8857E051CE15D4900A7B30F /* Sources */ = {
			isa = PBXSourcesBuildPhase;
			buildActionMask = 2147483647;
			files = (
				{%- for f in files if f.endswith((".c", ".cpp")) %}
				{{f|xcode_build}} /* {{f}} in Sources */,
				{%- endfor %}
				D8331F1E1CE128BD003BFBA7 /* Hv_{{name}}_Wwise{{plugin_type}}PluginEngine.cpp in Sources */,
				D8331F201CE1295C003BFBA7 /* Hv_{{name}}_WwisePluginEngineParams.cpp in Sources */,
			);
			runOnlyForDeploymentPostprocessing = 0;
		};
		D8C486EB1CDCD6B9000B3BCC /* Sources */ = {
			isa = PBXSourcesBuildPhase;
			buildActionMask = 2147483647;
			files = (
				{%- for f in files if f.endswith((".c", ".cpp")) %}
				{{f|xcode_build}} /* {{f}} in Sources */,
        {%- endfor %}
				D8331F1E1CE128BD003BFBA7 /* Hv_{{name}}_WwisePluginEngineParams.cpp in Sources */,
				D8331F201CE1295C003BFBA7 /* Hv_{{name}}_Wwise{{plugin_type}}PluginEngine.cpp in Sources */,
			);
			runOnlyForDeploymentPostprocessing = 0;
		};
/* End PBXSourcesBuildPhase section */

/* Begin PBXTargetDependency section */
		D8857E001CE1595E00A7B30F /* PBXTargetDependency */ = {
			isa = PBXTargetDependency;
			target = D8C486EE1CDCD6B9000B3BCC /* Hv_{{name}}_Wwise{{plugin_type}}Engine */;
			targetProxy = D8857DFF1CE1595E00A7B30F /* PBXContainerItemProxy */;
		};
/* End PBXTargetDependency section */

/* Begin XCBuildConfiguration section */
		D8857DFA1CE1554F00A7B30F /* Debug */ = {
			isa = XCBuildConfiguration;
			buildSettings = {
				CONFIGURATION_BUILD_DIR = "$(PROJECT_DIR)/../build/macos/$(ARCHS)/$(CONFIGURATION)";
				DYLIB_COMPATIBILITY_VERSION = 1;
				DYLIB_CURRENT_VERSION = 1;
				EXECUTABLE_PREFIX = "lib";
				HEADER_SEARCH_PATHS = "$(WWISE_SDK_PATH)";
				LIBRARY_SEARCH_PATHS = "$(CONFIGURATION_BUILD_DIR)/";
				OTHER_CFLAGS = (
					"-msse4.1",
					"-ffast-math",
				);
				PRODUCT_NAME = "$(TARGET_NAME)";
			};
			name = Debug;
		};
		D8857DFB1CE1554F00A7B30F /* Release */ = {
			isa = XCBuildConfiguration;
			buildSettings = {
				CONFIGURATION_BUILD_DIR = "$(PROJECT_DIR)/../build/macos/$(ARCHS)/$(CONFIGURATION)";
				DYLIB_COMPATIBILITY_VERSION = 1;
				DYLIB_CURRENT_VERSION = 1;
				EXECUTABLE_PREFIX = "lib";
				GCC_GENERATE_DEBUGGING_SYMBOLS = NO;
				HEADER_SEARCH_PATHS = "$(WWISE_SDK_PATH)";
				LIBRARY_SEARCH_PATHS = "$(CONFIGURATION_BUILD_DIR)/";
				OTHER_CFLAGS = (
					"-DNDEBUG",
					"-msse4.1",
					"-ffast-math",
				);
				PRODUCT_NAME = "$(TARGET_NAME)";
			};
			name = Release;
		};
		D8857E101CE15D4A00A7B30F /* Debug */ = {
			isa = XCBuildConfiguration;
			buildSettings = {
				ARCHS = (
					"$(ARCHS_STANDARD)",
					armv7s,
				);
				"CODE_SIGN_IDENTITY[sdk=iphoneos*]" = "iPhone Developer";
				CONFIGURATION_BUILD_DIR = "$(PROJECT_DIR)/../build/ios/$(ARCHS)/$(CONFIGURATION)";
				ENABLE_BITCODE = YES;
				HEADER_SEARCH_PATHS = "$(WWISE_SDK_PATH)";
				IPHONEOS_DEPLOYMENT_TARGET = 9.3;
				OTHER_LDFLAGS = "-ObjC";
				PRODUCT_NAME = Hv_{{name}}_Wwise{{plugin_type}}Plugin;
				SDKROOT = iphoneos;
				SKIP_INSTALL = YES;
			};
			name = Debug;
		};
		D8857E111CE15D4A00A7B30F /* Release */ = {
			isa = XCBuildConfiguration;
			buildSettings = {
				ARCHS = (
					"$(ARCHS_STANDARD)",
					armv7s,
				);
				"CODE_SIGN_IDENTITY[sdk=iphoneos*]" = "iPhone Developer";
				CONFIGURATION_BUILD_DIR = "$(PROJECT_DIR)/../build/ios/$(ARCHS)/$(CONFIGURATION)";
				ENABLE_BITCODE = YES;
				HEADER_SEARCH_PATHS = "$(WWISE_SDK_PATH)";
				IPHONEOS_DEPLOYMENT_TARGET = 9.3;
				OTHER_LDFLAGS = "-ObjC";
				PRODUCT_NAME = Hv_{{name}}_Wwise{{plugin_type}}Plugin;
				SDKROOT = iphoneos;
				SKIP_INSTALL = YES;
				VALIDATE_PRODUCT = YES;
			};
			name = Release;
		};
		D8C486E61CDCD5C1000B3BCC /* Debug */ = {
			isa = XCBuildConfiguration;
			baseConfigurationReference = D8851B631CE1271600D6BE37 /* wwise.xcconfig */;
			buildSettings = {
				ALWAYS_SEARCH_USER_PATHS = NO;
				CLANG_ANALYZER_NONNULL = YES;
				CLANG_CXX_LANGUAGE_STANDARD = "gnu++0x";
				CLANG_CXX_LIBRARY = "libc++";
				CLANG_ENABLE_MODULES = YES;
				CLANG_ENABLE_OBJC_ARC = YES;
				CLANG_WARN_BOOL_CONVERSION = YES;
				CLANG_WARN_CONSTANT_CONVERSION = YES;
				CLANG_WARN_DIRECT_OBJC_ISA_USAGE = YES_ERROR;
				CLANG_WARN_EMPTY_BODY = YES;
				CLANG_WARN_ENUM_CONVERSION = YES;
				CLANG_WARN_INFINITE_RECURSION = YES;
				CLANG_WARN_INT_CONVERSION = YES;
				CLANG_WARN_OBJC_ROOT_CLASS = YES_ERROR;
				CLANG_WARN_UNREACHABLE_CODE = YES;
				CLANG_WARN__DUPLICATE_METHOD_MATCH = YES;
				CODE_SIGN_IDENTITY = "-";
				COPY_PHASE_STRIP = NO;
				DEBUG_INFORMATION_FORMAT = dwarf;
				ENABLE_STRICT_OBJC_MSGSEND = YES;
				ENABLE_TESTABILITY = YES;
				GCC_C_LANGUAGE_STANDARD = c11;
				GCC_DYNAMIC_NO_PIC = NO;
				GCC_NO_COMMON_BLOCKS = YES;
				GCC_OPTIMIZATION_LEVEL = 0;
				GCC_PREPROCESSOR_DEFINITIONS = (
					"DEBUG=1",
					"$(inherited)",
				);
				GCC_WARN_64_TO_32_BIT_CONVERSION = YES;
				GCC_WARN_ABOUT_RETURN_TYPE = YES_ERROR;
				GCC_WARN_UNDECLARED_SELECTOR = YES;
				GCC_WARN_UNINITIALIZED_AUTOS = YES_AGGRESSIVE;
				GCC_WARN_UNUSED_FUNCTION = YES;
				GCC_WARN_UNUSED_VARIABLE = YES;
				MACOSX_DEPLOYMENT_TARGET = 10.11;
				MTL_ENABLE_DEBUG_INFO = YES;
				ONLY_ACTIVE_ARCH = YES;
				SDKROOT = macosx;
			};
			name = Debug;
		};
		D8C486E71CDCD5C1000B3BCC /* Release */ = {
			isa = XCBuildConfiguration;
			baseConfigurationReference = D8851B631CE1271600D6BE37 /* wwise.xcconfig */;
			buildSettings = {
				ALWAYS_SEARCH_USER_PATHS = NO;
				CLANG_ANALYZER_NONNULL = YES;
				CLANG_CXX_LANGUAGE_STANDARD = "gnu++0x";
				CLANG_CXX_LIBRARY = "libc++";
				CLANG_ENABLE_MODULES = YES;
				CLANG_ENABLE_OBJC_ARC = YES;
				CLANG_WARN_BOOL_CONVERSION = YES;
				CLANG_WARN_CONSTANT_CONVERSION = YES;
				CLANG_WARN_DIRECT_OBJC_ISA_USAGE = YES_ERROR;
				CLANG_WARN_EMPTY_BODY = YES;
				CLANG_WARN_ENUM_CONVERSION = YES;
				CLANG_WARN_INFINITE_RECURSION = YES;
				CLANG_WARN_INT_CONVERSION = YES;
				CLANG_WARN_OBJC_ROOT_CLASS = YES_ERROR;
				CLANG_WARN_UNREACHABLE_CODE = YES;
				CLANG_WARN__DUPLICATE_METHOD_MATCH = YES;
				CODE_SIGN_IDENTITY = "-";
				COPY_PHASE_STRIP = NO;
				DEBUG_INFORMATION_FORMAT = "dwarf-with-dsym";
				ENABLE_NS_ASSERTIONS = NO;
				ENABLE_STRICT_OBJC_MSGSEND = YES;
				GCC_C_LANGUAGE_STANDARD = c11;
				GCC_NO_COMMON_BLOCKS = YES;
				GCC_WARN_64_TO_32_BIT_CONVERSION = YES;
				GCC_WARN_ABOUT_RETURN_TYPE = YES_ERROR;
				GCC_WARN_UNDECLARED_SELECTOR = YES;
				GCC_WARN_UNINITIALIZED_AUTOS = YES_AGGRESSIVE;
				GCC_WARN_UNUSED_FUNCTION = YES;
				GCC_WARN_UNUSED_VARIABLE = YES;
				MACOSX_DEPLOYMENT_TARGET = 10.11;
				MTL_ENABLE_DEBUG_INFO = NO;
				SDKROOT = macosx;
			};
			name = Release;
		};
		D8C486F01CDCD6B9000B3BCC /* Debug */ = {
			isa = XCBuildConfiguration;
			baseConfigurationReference = D8851B631CE1271600D6BE37 /* wwise.xcconfig */;
			buildSettings = {
				CONFIGURATION_BUILD_DIR = "$(PROJECT_DIR)/../build/macos/$(ARCHS)/$(CONFIGURATION)";
				CONFIGURATION_TEMP_DIR = "$(PROJECT_TEMP_DIR)/$(CONFIGURATION)$(EFFECTIVE_PLATFORM_NAME)";
				EXECUTABLE_PREFIX = lib;
				GCC_PREPROCESSOR_DEFINITIONS = "";
				HEADER_SEARCH_PATHS = "$(WWISE_SDK_PATH)";
				OBJROOT = "$(SYMROOT)";
				OTHER_CFLAGS = (
					"-msse4.1",
					"-ffast-math",
				);
				PRODUCT_NAME = "$(TARGET_NAME)";
				SYMROOT = build;
			};
			name = Debug;
		};
		D8C486F11CDCD6B9000B3BCC /* Release */ = {
			isa = XCBuildConfiguration;
			baseConfigurationReference = D8851B631CE1271600D6BE37 /* wwise.xcconfig */;
			buildSettings = {
				CONFIGURATION_BUILD_DIR = "$(PROJECT_DIR)/../build/macos/$(ARCHS)/$(CONFIGURATION)";
				CONFIGURATION_TEMP_DIR = "$(PROJECT_TEMP_DIR)/$(CONFIGURATION)$(EFFECTIVE_PLATFORM_NAME)";
				EXECUTABLE_PREFIX = lib;
				GCC_PREPROCESSOR_DEFINITIONS = "";
				HEADER_SEARCH_PATHS = "$(WWISE_SDK_PATH)";
				OBJROOT = "$(SYMROOT)";
				OTHER_CFLAGS = (
					"-DNDEBUG",
					"-msse4.1",
					"-ffast-math",
				);
				PRODUCT_NAME = "$(TARGET_NAME)";
				SYMROOT = build;
			};
			name = Release;
		};
/* End XCBuildConfiguration section */

/* Begin XCConfigurationList section */
		D8857DFC1CE1554F00A7B30F /* Build configuration list for PBXNativeTarget "Hv_{{name}}_Wwise{{plugin_type}}Plugin" */ = {
			isa = XCConfigurationList;
			buildConfigurations = (
				D8857DFA1CE1554F00A7B30F /* Debug */,
				D8857DFB1CE1554F00A7B30F /* Release */,
			);
			defaultConfigurationIsVisible = 0;
		};
		D8857E0F1CE15D4A00A7B30F /* Build configuration list for PBXNativeTarget "Hv_{{name}}_Wwise{{plugin_type}}Plugin_iOS" */ = {
			isa = XCConfigurationList;
			buildConfigurations = (
				D8857E101CE15D4A00A7B30F /* Debug */,
				D8857E111CE15D4A00A7B30F /* Release */,
			);
			defaultConfigurationIsVisible = 0;
		};
		D8C486DD1CDCD5C1000B3BCC /* Build configuration list for PBXProject "Hv_{{name}}_WwisePlugin" */ = {
			isa = XCConfigurationList;
			buildConfigurations = (
				D8C486E61CDCD5C1000B3BCC /* Debug */,
				D8C486E71CDCD5C1000B3BCC /* Release */,
			);
			defaultConfigurationIsVisible = 0;
			defaultConfigurationName = Release;
		};
		D8C486F21CDCD6B9000B3BCC /* Build configuration list for PBXNativeTarget "Hv_{{name}}_Wwise{{plugin_type}}Engine" */ = {
			isa = XCConfigurationList;
			buildConfigurations = (
				D8C486F01CDCD6B9000B3BCC /* Debug */,
				D8C486F11CDCD6B9000B3BCC /* Release */,
			);
			defaultConfigurationIsVisible = 0;
			defaultConfigurationName = Release;
		};
/* End XCConfigurationList section */
	};
	rootObject = D8C486DA1CDCD5C1000B3BCC /* Project object */;
}
