Microsoft Visual Studio Solution File, Format Version 12.00
# Visual Studio 14
VisualStudioVersion = 14.0.23107.0
MinimumVisualStudioVersion = 10.0.40219.1
Project("{8BC9CEB8-8B4A-11D0-8D11-00A0C91BC942}") = "Hv_{{patch_name}}_AudioLib", "Hv_{{patch_name}}_AudioLib.vcxproj", "{F7CFEF5A-54BD-42E8-A59E-54ABAEB4EA9C}"
EndProject
Project("{8BC9CEB8-8B4A-11D0-8D11-00A0C91BC942}") = "AudioPlugin_Hv_{{patch_name}}", "AudioPlugin_Hv_{{patch_name}}.vcxproj", "{F748C943-E015-44C9-A1CE-B5125DB06999}"
EndProject
Global
	GlobalSection(SolutionConfigurationPlatforms) = preSolution
		Release|x64 = Release|x64
		Release|x86 = Release|x86
		Debug|x64 = Debug|x64
		Debug|x86 = Debug|x86
	EndGlobalSection
	GlobalSection(ProjectConfigurationPlatforms) = postSolution
		{F7CFEF5A-54BD-42E8-A59E-54ABAEB4EA9C}.Debug|x64.ActiveCfg = Debug|x64
		{F7CFEF5A-54BD-42E8-A59E-54ABAEB4EA9C}.Debug|x64.Build.0 = Debug|x64
		{F7CFEF5A-54BD-42E8-A59E-54ABAEB4EA9C}.Debug|x86.ActiveCfg = Debug|Win32
		{F7CFEF5A-54BD-42E8-A59E-54ABAEB4EA9C}.Debug|x86.Build.0 = Debug|Win32
		{F7CFEF5A-54BD-42E8-A59E-54ABAEB4EA9C}.Release|x64.ActiveCfg = Release|x64
		{F7CFEF5A-54BD-42E8-A59E-54ABAEB4EA9C}.Release|x64.Build.0 = Release|x64
		{F7CFEF5A-54BD-42E8-A59E-54ABAEB4EA9C}.Release|x86.ActiveCfg = Release|Win32
		{F7CFEF5A-54BD-42E8-A59E-54ABAEB4EA9C}.Release|x86.Build.0 = Release|Win32
		{F748C943-E015-44C9-A1CE-B5125DB06999}.Debug|x64.ActiveCfg = Debug|x64
		{F748C943-E015-44C9-A1CE-B5125DB06999}.Debug|x64.Build.0 = Debug|x64
		{F748C943-E015-44C9-A1CE-B5125DB06999}.Debug|x86.ActiveCfg = Debug|Win32
		{F748C943-E015-44C9-A1CE-B5125DB06999}.Debug|x86.Build.0 = Debug|Win32
		{F748C943-E015-44C9-A1CE-B5125DB06999}.Release|x64.ActiveCfg = Release|x64
		{F748C943-E015-44C9-A1CE-B5125DB06999}.Release|x64.Build.0 = Release|x64
		{F748C943-E015-44C9-A1CE-B5125DB06999}.Release|x86.ActiveCfg = Release|Win32
		{F748C943-E015-44C9-A1CE-B5125DB06999}.Release|x86.Build.0 = Release|Win32
	EndGlobalSection
	GlobalSection(SolutionProperties) = preSolution
		HideSolutionNode = FALSE
	EndGlobalSection
EndGlobal
