Microsoft Visual Studio Solution File, Format Version 12.00
# Visual Studio 14
VisualStudioVersion = 14.0.24720.0
MinimumVisualStudioVersion = 10.0.40219.1
Project("{8BC9CEB8-8B4A-11D0-8D11-00A0C91BC942}") = "Hv_{{name}}_Wwise{{plugin_type}}Engine", "Hv_{{name}}_Wwise{{plugin_type}}Engine.vcxproj", "{9A8B43A1-383C-4C50-AC02-559B5775AAD9}"
EndProject
Project("{8BC9CEB8-8B4A-11D0-8D11-00A0C91BC942}") = "Hv_{{name}}_Wwise{{plugin_type}}AuthPlugin", "Hv_{{name}}_Wwise{{plugin_type}}AuthPlugin.vcxproj", "{8257454F-51E6-4481-948B-034FD37C0FBF}"
	ProjectSection(ProjectDependencies) = postProject
		{9A8B43A1-383C-4C50-AC02-559B5775AAD9} = {9A8B43A1-383C-4C50-AC02-559B5775AAD9}
	EndProjectSection
EndProject
Project("{8BC9CEB8-8B4A-11D0-8D11-00A0C91BC942}") = "Hv_{{name}}_Wwise{{plugin_type}}RuntimePlugin", "Hv_{{name}}_Wwise{{plugin_type}}RuntimePlugin.vcxproj", "{0C075463-49AE-41A9-97E7-A63FA62821A2}"
	ProjectSection(ProjectDependencies) = postProject
		{9A8B43A1-383C-4C50-AC02-559B5775AAD9} = {9A8B43A1-383C-4C50-AC02-559B5775AAD9}
	EndProjectSection
EndProject
Global
	GlobalSection(SolutionConfigurationPlatforms) = preSolution
		Debug|x86 = Debug|x86
		Debug|x64 = Debug|x64
		Profile|x86 = Profile|x86
		Profile|x64 = Profile|x64
		Release|x86 = Release|x86
		Release|x64 = Release|x64
	EndGlobalSection
	GlobalSection(ProjectConfigurationPlatforms) = postSolution
		{9A8B43A1-383C-4C50-AC02-559B5775AAD9}.Debug|x86.ActiveCfg = Debug|x86
		{9A8B43A1-383C-4C50-AC02-559B5775AAD9}.Debug|x86.Build.0 = Debug|x86
		{9A8B43A1-383C-4C50-AC02-559B5775AAD9}.Debug|x64.ActiveCfg = Debug|x64
		{9A8B43A1-383C-4C50-AC02-559B5775AAD9}.Debug|x64.Build.0 = Debug|x64
		{9A8B43A1-383C-4C50-AC02-559B5775AAD9}.Profile|x86.ActiveCfg = Profile|x86
		{9A8B43A1-383C-4C50-AC02-559B5775AAD9}.Profile|x86.Build.0 = Profile|x86
		{9A8B43A1-383C-4C50-AC02-559B5775AAD9}.Profile|x64.ActiveCfg = Profile|x64
		{9A8B43A1-383C-4C50-AC02-559B5775AAD9}.Profile|x64.Build.0 = Profile|x64
		{9A8B43A1-383C-4C50-AC02-559B5775AAD9}.Release|x86.ActiveCfg = Release|x86
		{9A8B43A1-383C-4C50-AC02-559B5775AAD9}.Release|x86.Build.0 = Release|x86
		{9A8B43A1-383C-4C50-AC02-559B5775AAD9}.Release|x64.ActiveCfg = Release|x64
		{9A8B43A1-383C-4C50-AC02-559B5775AAD9}.Release|x64.Build.0 = Release|x64
		{8257454F-51E6-4481-948B-034FD37C0FBF}.Debug|x86.ActiveCfg = Debug|x86
		{8257454F-51E6-4481-948B-034FD37C0FBF}.Debug|x86.Build.0 = Debug|x86
		{8257454F-51E6-4481-948B-034FD37C0FBF}.Debug|x64.ActiveCfg = Debug|x64
		{8257454F-51E6-4481-948B-034FD37C0FBF}.Debug|x64.Build.0 = Debug|x64
		{8257454F-51E6-4481-948B-034FD37C0FBF}.Profile|x86.ActiveCfg = Profile|x86
		{8257454F-51E6-4481-948B-034FD37C0FBF}.Profile|x86.Build.0 = Profile|x86
		{8257454F-51E6-4481-948B-034FD37C0FBF}.Profile|x64.ActiveCfg = Profile|x64
		{8257454F-51E6-4481-948B-034FD37C0FBF}.Profile|x64.Build.0 = Profile|x64
		{8257454F-51E6-4481-948B-034FD37C0FBF}.Release|x86.ActiveCfg = Release|x86
		{8257454F-51E6-4481-948B-034FD37C0FBF}.Release|x86.Build.0 = Release|x86
		{8257454F-51E6-4481-948B-034FD37C0FBF}.Release|x64.ActiveCfg = Release|x64
		{8257454F-51E6-4481-948B-034FD37C0FBF}.Release|x64.Build.0 = Release|x64
		{0C075463-49AE-41A9-97E7-A63FA62821A2}.Debug|x86.ActiveCfg = Debug|x86
		{0C075463-49AE-41A9-97E7-A63FA62821A2}.Debug|x86.Build.0 = Debug|x86
		{0C075463-49AE-41A9-97E7-A63FA62821A2}.Debug|x64.ActiveCfg = Debug|x64
		{0C075463-49AE-41A9-97E7-A63FA62821A2}.Debug|x64.Build.0 = Debug|x64
		{0C075463-49AE-41A9-97E7-A63FA62821A2}.Profile|x86.ActiveCfg = Profile|x86
		{0C075463-49AE-41A9-97E7-A63FA62821A2}.Profile|x86.Build.0 = Profile|x86
		{0C075463-49AE-41A9-97E7-A63FA62821A2}.Profile|x64.ActiveCfg = Profile|x64
		{0C075463-49AE-41A9-97E7-A63FA62821A2}.Profile|x64.Build.0 = Profile|x64
		{0C075463-49AE-41A9-97E7-A63FA62821A2}.Release|x86.ActiveCfg = Release|x86
		{0C075463-49AE-41A9-97E7-A63FA62821A2}.Release|x86.Build.0 = Release|x86
		{0C075463-49AE-41A9-97E7-A63FA62821A2}.Release|x64.ActiveCfg = Release|x64
		{0C075463-49AE-41A9-97E7-A63FA62821A2}.Release|x64.Build.0 = Release|x64
	EndGlobalSection
	GlobalSection(SolutionProperties) = preSolution
		HideSolutionNode = FALSE
	EndGlobalSection
EndGlobal
{# force new line #}
