<?xml version="1.0" encoding="utf-8"?>
<Project ToolsVersion="4.0" xmlns="http://schemas.microsoft.com/developer/msbuild/2003">
  <ItemGroup>
    <Filter Include="Source Files">
      <UniqueIdentifier>{4FC737F1-C7A5-4376-A066-2A32D752A2FF}</UniqueIdentifier>
      <Extensions>cpp;c;cc;cxx;def;odl;idl;hpj;bat;asm;asmx</Extensions>
    </Filter>
    <Filter Include="Header Files">
      <UniqueIdentifier>{93995380-89BD-4b04-88EB-625FBE52EBFB}</UniqueIdentifier>
      <Extensions>h;hh;hpp;hxx;hm;inl;inc;xsd</Extensions>
    </Filter>
    <Filter Include="Resource Files">
      <UniqueIdentifier>{67DA6AB6-F800-4c08-8B7A-83BB121AAD01}</UniqueIdentifier>
      <Extensions>rc;ico;cur;bmp;dlg;rc2;rct;bin;rgs;gif;jpg;jpeg;jpe;resx;tiff;tif;png;wav;mfcribbon-ms</Extensions>
    </Filter>
    <Filter Include="Static">
      <UniqueIdentifier>{0a0854fe-2e4e-4aab-b804-7395e7f2cbbd}</UniqueIdentifier>
    </Filter>
    <Filter Include="Generated">
      <UniqueIdentifier>{2ff1fc05-5468-4baa-8299-b7b154a49aa2}</UniqueIdentifier>
    </Filter>
  </ItemGroup>
  <ItemGroup>
    <Text Include="ReadMe.txt" />
  </ItemGroup>
  <ItemGroup>
    <ClInclude Include="stdafx.h">
      <Filter>Header Files</Filter>
    </ClInclude>
    <ClInclude Include="targetver.h">
      <Filter>Header Files</Filter>
    </ClInclude>
    <ClInclude Include="..\..\ir2c\static\HvControlBinop.h">
      <Filter>Static</Filter>
    </ClInclude>
    <ClInclude Include="..\..\ir2c\static\HvControlCast.h">
      <Filter>Static</Filter>
    </ClInclude>
    <ClInclude Include="..\..\ir2c\static\HvControlDelay.h">
      <Filter>Static</Filter>
    </ClInclude>
    <ClInclude Include="..\..\ir2c\static\HvControlIf.h">
      <Filter>Static</Filter>
    </ClInclude>
    <ClInclude Include="..\..\ir2c\static\HvControlPack.h">
      <Filter>Static</Filter>
    </ClInclude>
    <ClInclude Include="..\..\ir2c\static\HvControlPrint.h">
      <Filter>Static</Filter>
    </ClInclude>
    <ClInclude Include="..\..\ir2c\static\HvControlRandom.h">
      <Filter>Static</Filter>
    </ClInclude>
    <ClInclude Include="..\..\ir2c\static\HvControlSlice.h">
      <Filter>Static</Filter>
    </ClInclude>
    <ClInclude Include="..\..\ir2c\static\HvControlSystem.h">
      <Filter>Static</Filter>
    </ClInclude>
    <ClInclude Include="..\..\ir2c\static\HvControlTabhead.h">
      <Filter>Static</Filter>
    </ClInclude>
    <ClInclude Include="..\..\ir2c\static\HvControlTabread.h">
      <Filter>Static</Filter>
    </ClInclude>
    <ClInclude Include="..\..\ir2c\static\HvControlTabwrite.h">
      <Filter>Static</Filter>
    </ClInclude>
    <ClInclude Include="..\..\ir2c\static\HvControlUnop.h">
      <Filter>Static</Filter>
    </ClInclude>
    <ClInclude Include="..\..\ir2c\static\HvControlVar.h">
      <Filter>Static</Filter>
    </ClInclude>
    <ClInclude Include="..\..\ir2c\static\HvBase.h">
      <Filter>Static</Filter>
    </ClInclude>
    <ClInclude Include="..\..\ir2c\static\HvMath.h">
      <Filter>Static</Filter>
    </ClInclude>
    <ClInclude Include="..\..\ir2c\static\HvMessage.h">
      <Filter>Static</Filter>
    </ClInclude>
    <ClInclude Include="..\..\ir2c\static\HvTable.h">
      <Filter>Static</Filter>
    </ClInclude>
    <ClInclude Include="..\..\ir2c\static\HvUtils.h">
      <Filter>Static</Filter>
    </ClInclude>
    <ClInclude Include="..\..\ir2c\static\HvMessagePool.h">
      <Filter>Static</Filter>
    </ClInclude>
    <ClInclude Include="..\..\ir2c\static\HvMessageQueue.h">
      <Filter>Static</Filter>
    </ClInclude>
    <ClInclude Include="..\..\ir2c\static\HvSignalBiquad.h">
      <Filter>Static</Filter>
    </ClInclude>
    <ClInclude Include="..\..\ir2c\static\HvSignalConvolution.h">
      <Filter>Static</Filter>
    </ClInclude>
    <ClInclude Include="..\..\ir2c\static\HvSignalCPole.h">
      <Filter>Static</Filter>
    </ClInclude>
    <ClInclude Include="..\..\ir2c\static\HvSignalDel1.h">
      <Filter>Static</Filter>
    </ClInclude>
    <ClInclude Include="..\..\ir2c\static\HvSignalEnvelope.h">
      <Filter>Static</Filter>
    </ClInclude>
    <ClInclude Include="..\..\ir2c\static\HvSignalLine.h">
      <Filter>Static</Filter>
    </ClInclude>
    <ClInclude Include="..\..\ir2c\static\HvSignalLorenz.h">
      <Filter>Static</Filter>
    </ClInclude>
    <ClInclude Include="..\..\ir2c\static\HvSignalPhasor.h">
      <Filter>Static</Filter>
    </ClInclude>
    <ClInclude Include="..\..\ir2c\static\HvSignalRPole.h">
      <Filter>Static</Filter>
    </ClInclude>
    <ClInclude Include="..\..\ir2c\static\HvSignalSamphold.h">
      <Filter>Static</Filter>
    </ClInclude>
    <ClInclude Include="..\..\ir2c\static\HvSignalSample.h">
      <Filter>Static</Filter>
    </ClInclude>
    <ClInclude Include="..\..\ir2c\static\HvSignalTabread.h">
      <Filter>Static</Filter>
    </ClInclude>
    <ClInclude Include="..\..\ir2c\static\HvSignalTabwrite.h">
      <Filter>Static</Filter>
    </ClInclude>
    <ClInclude Include="..\..\ir2c\static\HvSignalVar.h">
      <Filter>Static</Filter>
    </ClInclude>
    <ClInclude Include="generated\c\HvContext_heavy.h">
      <Filter>Generated</Filter>
    </ClInclude>
    <ClInclude Include="generated\c\Heavy_heavy.h">
      <Filter>Generated</Filter>
    </ClInclude>
    <ClInclude Include="..\..\ir2c\static\HvLightPipe.h">
      <Filter>Static</Filter>
    </ClInclude>
  </ItemGroup>
  <ItemGroup>
    <ClCompile Include="stdafx.cpp">
      <Filter>Source Files</Filter>
    </ClCompile>
    <ClCompile Include="..\..\ir2c\static\HvControlBinop.c">
      <Filter>Static</Filter>
    </ClCompile>
    <ClCompile Include="..\..\ir2c\static\HvControlCast.c">
      <Filter>Static</Filter>
    </ClCompile>
    <ClCompile Include="..\..\ir2c\static\HvControlDelay.c">
      <Filter>Static</Filter>
    </ClCompile>
    <ClCompile Include="..\..\ir2c\static\HvControlIf.c">
      <Filter>Static</Filter>
    </ClCompile>
    <ClCompile Include="..\..\ir2c\static\HvControlPack.c">
      <Filter>Static</Filter>
    </ClCompile>
    <ClCompile Include="..\..\ir2c\static\HvControlPrint.c">
      <Filter>Static</Filter>
    </ClCompile>
    <ClCompile Include="..\..\ir2c\static\HvControlRandom.c">
      <Filter>Static</Filter>
    </ClCompile>
    <ClCompile Include="..\..\ir2c\static\HvControlSlice.c">
      <Filter>Static</Filter>
    </ClCompile>
    <ClCompile Include="..\..\ir2c\static\HvControlSystem.c">
      <Filter>Static</Filter>
    </ClCompile>
    <ClCompile Include="..\..\ir2c\static\HvControlTabhead.c">
      <Filter>Static</Filter>
    </ClCompile>
    <ClCompile Include="..\..\ir2c\static\HvControlTabread.c">
      <Filter>Static</Filter>
    </ClCompile>
    <ClCompile Include="..\..\ir2c\static\HvControlTabwrite.c">
      <Filter>Static</Filter>
    </ClCompile>
    <ClCompile Include="..\..\ir2c\static\HvControlUnop.c">
      <Filter>Static</Filter>
    </ClCompile>
    <ClCompile Include="..\..\ir2c\static\HvControlVar.c">
      <Filter>Static</Filter>
    </ClCompile>
    <ClCompile Include="..\..\ir2c\static\Heavy.c">
      <Filter>Static</Filter>
    </ClCompile>
    <ClCompile Include="..\..\ir2c\static\HvBase.c">
      <Filter>Static</Filter>
    </ClCompile>
    <ClCompile Include="..\..\ir2c\static\HvMessage.c">
      <Filter>Static</Filter>
    </ClCompile>
    <ClCompile Include="..\..\ir2c\static\HvTable.c">
      <Filter>Static</Filter>
    </ClCompile>
    <ClCompile Include="..\..\ir2c\static\HvMessagePool.c">
      <Filter>Static</Filter>
    </ClCompile>
    <ClCompile Include="..\..\ir2c\static\HvMessageQueue.c">
      <Filter>Static</Filter>
    </ClCompile>
    <ClCompile Include="..\..\ir2c\static\HvSignalBiquad.c">
      <Filter>Static</Filter>
    </ClCompile>
    <ClCompile Include="..\..\ir2c\static\HvSignalConvolution.c">
      <Filter>Static</Filter>
    </ClCompile>
    <ClCompile Include="..\..\ir2c\static\HvSignalCPole.c">
      <Filter>Static</Filter>
    </ClCompile>
    <ClCompile Include="..\..\ir2c\static\HvSignalDel1.c">
      <Filter>Static</Filter>
    </ClCompile>
    <ClCompile Include="..\..\ir2c\static\HvSignalEnvelope.c">
      <Filter>Static</Filter>
    </ClCompile>
    <ClCompile Include="..\..\ir2c\static\HvSignalLine.c">
      <Filter>Static</Filter>
    </ClCompile>
    <ClCompile Include="..\..\ir2c\static\HvSignalLorenz.c">
      <Filter>Static</Filter>
    </ClCompile>
    <ClCompile Include="..\..\ir2c\static\HvSignalPhasor.c">
      <Filter>Static</Filter>
    </ClCompile>
    <ClCompile Include="..\..\ir2c\static\HvSignalRPole.c">
      <Filter>Static</Filter>
    </ClCompile>
    <ClCompile Include="..\..\ir2c\static\HvSignalSamphold.c">
      <Filter>Static</Filter>
    </ClCompile>
    <ClCompile Include="..\..\ir2c\static\HvSignalSample.c">
      <Filter>Static</Filter>
    </ClCompile>
    <ClCompile Include="..\..\ir2c\static\HvSignalTabread.c">
      <Filter>Static</Filter>
    </ClCompile>
    <ClCompile Include="..\..\ir2c\static\HvSignalTabwrite.c">
      <Filter>Static</Filter>
    </ClCompile>
    <ClCompile Include="..\..\ir2c\static\HvSignalVar.c">
      <Filter>Static</Filter>
    </ClCompile>
    <ClCompile Include="generated\c\HvContext_heavy.c">
      <Filter>Generated</Filter>
    </ClCompile>
    <ClCompile Include="..\..\ir2c\static\HvLightPipe.c">
      <Filter>Static</Filter>
    </ClCompile>
    <ClCompile Include="main.c">
      <Filter>Source Files</Filter>
    </ClCompile>
  </ItemGroup>
</Project>