// !$*UTF8*$!
{
	archiveVersion = 1;
	classes = {
	};
	objectVersion = 46;
	objects = {

/* Begin PBXBuildFile section */
    {%- for f in files if f.endswith((".c", ".cpp")) %}
		{{f|xcode_build}} /* {{f}} in Sources */ = {isa = PBXBuildFile; fileRef = {{f|xcode_fileref}} /* {{f}} */; };
    {%- endfor %}
		90E3DF9C1C27618200427603 /* audioeffect.cpp in Sources */ = {isa = PBXBuildFile; fileRef = 90E3DF921C27618200427603 /* audioeffect.cpp */; };
		90E3DF9D1C27618200427603 /* audioeffectx.cpp in Sources */ = {isa = PBXBuildFile; fileRef = 90E3DF941C27618200427603 /* audioeffectx.cpp */; };
/* End PBXBuildFile section */

/* Begin PBXFileReference section */
    {%- for f in files if f.endswith(".h") %}
		{{f|xcode_fileref}} /* {{f}} */ = {isa = PBXFileReference; fileEncoding = 4; lastKnownFileType = sourcecode.c.h; name = {{f}}; path = ../source/{{f}}; sourceTree = SOURCE_ROOT; };
    {%- endfor %}
    {%- for f in files if f.endswith(".hpp") %}
		{{f|xcode_fileref}} /* {{f}} */ = {isa = PBXFileReference; fileEncoding = 4; lastKnownFileType = sourcecode.cpp.h; name = {{f}}; path = ../source/{{f}}; sourceTree = SOURCE_ROOT; };
    {%- endfor %}
    {%- for f in files if f.endswith(".c") %}
		{{f|xcode_fileref}} /* {{f}} */ = {isa = PBXFileReference; fileEncoding = 4; lastKnownFileType = sourcecode.c.c; name = {{f}}; path = ../source/{{f}}; sourceTree = SOURCE_ROOT; };
    {%- endfor %}
		{%- for f in files if f.endswith(".cpp") %}
		{{f|xcode_fileref}} /* {{f}} */ = {isa = PBXFileReference; fileEncoding = 4; lastKnownFileType = sourcecode.cpp.cpp; name = {{f}}; path = ../source/{{f}}; sourceTree = SOURCE_ROOT; };
    {%- endfor %}
		90E3DF911C27618200427603 /* aeffeditor.h */ = {isa = PBXFileReference; fileEncoding = 4; lastKnownFileType = sourcecode.c.h; name = aeffeditor.h; path = ../source/vst2/aeffeditor.h; sourceTree = SOURCE_ROOT; };
		90E3DF921C27618200427603 /* audioeffect.cpp */ = {isa = PBXFileReference; fileEncoding = 4; lastKnownFileType = sourcecode.cpp.cpp; name = audioeffect.cpp; path = ../source/vst2/audioeffect.cpp; sourceTree = SOURCE_ROOT; };
		90E3DF931C27618200427603 /* audioeffect.h */ = {isa = PBXFileReference; fileEncoding = 4; lastKnownFileType = sourcecode.c.h; name = audioeffect.h; path = ../source/vst2/audioeffect.h; sourceTree = SOURCE_ROOT; };
		90E3DF941C27618200427603 /* audioeffectx.cpp */ = {isa = PBXFileReference; fileEncoding = 4; lastKnownFileType = sourcecode.cpp.cpp; name = audioeffectx.cpp; path = ../source/vst2/audioeffectx.cpp; sourceTree = SOURCE_ROOT; };
		90E3DF951C27618200427603 /* audioeffectx.h */ = {isa = PBXFileReference; fileEncoding = 4; lastKnownFileType = sourcecode.c.h; name = audioeffectx.h; path = ../source/vst2/audioeffectx.h; sourceTree = SOURCE_ROOT; };
		90E3DF981C27618200427603 /* aeffect.h */ = {isa = PBXFileReference; fileEncoding = 4; lastKnownFileType = sourcecode.c.h; name = aeffect.h; path = ../source/vst2/pluginterfaces/vst2.x/aeffect.h; sourceTree = SOURCE_ROOT; };
		90E3DF991C27618200427603 /* aeffectx.h */ = {isa = PBXFileReference; fileEncoding = 4; lastKnownFileType = sourcecode.c.h; name = aeffectx.h; path = ../source/vst2/pluginterfaces/vst2.x/aeffectx.h; sourceTree = SOURCE_ROOT; };
		90E3DF9A1C27618200427603 /* vstfxstore.h */ = {isa = PBXFileReference; fileEncoding = 4; lastKnownFileType = sourcecode.c.h; name = vstfxstore.h; path = ../source/vst2/pluginterfaces/vst2.x/vstfxstore.h; sourceTree = SOURCE_ROOT; };
		90660BBA1C2AAAFC00D7CED7 /* Info.plist */ = {isa = PBXFileReference; fileEncoding = 4; lastKnownFileType = text.plist.xml; path = Info.plist; sourceTree = SOURCE_ROOT; };
		909650881C26156B00F0FC3B /* {{name}}.vst */ = {isa = PBXFileReference; explicitFileType = wrapper.cfbundle; includeInIndex = 0; path = {{name}}.vst; sourceTree = BUILT_PRODUCTS_DIR; };
/* End PBXFileReference section */

/* Begin PBXFrameworksBuildPhase section */
		909650851C26156B00F0FC3B /* Frameworks */ = {
			isa = PBXFrameworksBuildPhase;
			buildActionMask = 2147483647;
			files = (
			);
			runOnlyForDeploymentPostprocessing = 0;
		};
/* End PBXFrameworksBuildPhase section */

/* Begin PBXGroup section */
		9096507F1C26156B00F0FC3B = {
			isa = PBXGroup;
			children = (
				9096508A1C26156B00F0FC3B /* Source */,
				909650891C26156B00F0FC3B /* Products */,
			);
			sourceTree = "<group>";
		};
		909650891C26156B00F0FC3B /* Products */ = {
			isa = PBXGroup;
			children = (
				909650881C26156B00F0FC3B /* {{name}}.vst */,
			);
			name = Products;
			sourceTree = "<group>";
		};
		9096508A1C26156B00F0FC3B /* {{name}} */ = {
			isa = PBXGroup;
			children = (
				909650BC1C26159800F0FC3B /* vst2 */,
				909650BB1C26158600F0FC3B /* heavy */,
				90660BBA1C2AAAFC00D7CED7 /* Info.plist */,
			);
			path = {{name}};
			sourceTree = "<group>";
		};
		909650BB1C26158600F0FC3B /* heavy */ = {
			isa = PBXGroup;
			children = (
        {%- for f in files %}
				{{f|xcode_fileref}} /* {{f}} */,
        {%- endfor %}
			);
			name = heavy;
			sourceTree = "<group>";
		};
		909650BC1C26159800F0FC3B /* vst2 */ = {
			isa = PBXGroup;
			children = (
				90E3DF911C27618200427603 /* aeffeditor.h */,
				90E3DF921C27618200427603 /* audioeffect.cpp */,
				90E3DF931C27618200427603 /* audioeffect.h */,
				90E3DF941C27618200427603 /* audioeffectx.cpp */,
				90E3DF951C27618200427603 /* audioeffectx.h */,
				90E3DF961C27618200427603 /* pluginterfaces */,
			);
			name = vst2;
			sourceTree = "<group>";
		};
		90E3DF961C27618200427603 /* pluginterfaces */ = {
			isa = PBXGroup;
			children = (
				90E3DF971C27618200427603 /* vst2.x */,
			);
			name = pluginterfaces;
			path = ../../vst2.4/pluginterfaces;
			sourceTree = "<group>";
		};
		90E3DF971C27618200427603 /* vst2.x */ = {
			isa = PBXGroup;
			children = (
				90E3DF981C27618200427603 /* aeffect.h */,
				90E3DF991C27618200427603 /* aeffectx.h */,
				90E3DF9A1C27618200427603 /* vstfxstore.h */,
			);
			path = vst2.x;
			sourceTree = "<group>";
		};
/* End PBXGroup section */

/* Begin PBXNativeTarget section */
		909650871C26156B00F0FC3B /* {{name}} */ = {
			isa = PBXNativeTarget;
			buildConfigurationList = 9096508E1C26156B00F0FC3B /* Build configuration list for PBXNativeTarget "{{name}}" */;
			buildPhases = (
				909650841C26156B00F0FC3B /* Sources */,
				909650851C26156B00F0FC3B /* Frameworks */,
				909650861C26156B00F0FC3B /* Resources */,
			);
			buildRules = (
			);
			dependencies = (
			);
			name = {{name}};
			productName = {{name}};
			productReference = 909650881C26156B00F0FC3B /* {{name}}.vst */;
			productType = "com.apple.product-type.bundle";
		};
/* End PBXNativeTarget section */

/* Begin PBXProject section */
		909650801C26156B00F0FC3B /* Project object */ = {
			isa = PBXProject;
			attributes = {
				LastUpgradeCheck = 0720;
				ORGANIZATIONNAME = "Enzien Audio, Ltd.";
				TargetAttributes = {
					909650871C26156B00F0FC3B = {
						CreatedOnToolsVersion = 7.2;
					};
				};
			};
			buildConfigurationList = 909650831C26156B00F0FC3B /* Build configuration list for PBXProject "{{name}}" */;
			compatibilityVersion = "Xcode 3.2";
			developmentRegion = English;
			hasScannedForEncodings = 0;
			knownRegions = (
				en,
			);
			mainGroup = 9096507F1C26156B00F0FC3B;
			productRefGroup = 909650891C26156B00F0FC3B /* Products */;
			projectDirPath = "";
			projectRoot = "";
			targets = (
				909650871C26156B00F0FC3B /* {{name}} */,
			);
		};
/* End PBXProject section */

/* Begin PBXResourcesBuildPhase section */
		909650861C26156B00F0FC3B /* Resources */ = {
			isa = PBXResourcesBuildPhase;
			buildActionMask = 2147483647;
			files = (
				90660BBB1C2AAAFC00D7CED7 /* Info.plist in Resources */,
			);
			runOnlyForDeploymentPostprocessing = 0;
		};
/* End PBXResourcesBuildPhase section */

/* Begin PBXSourcesBuildPhase section */
		909650841C26156B00F0FC3B /* Sources */ = {
			isa = PBXSourcesBuildPhase;
			buildActionMask = 2147483647;
			files = (
        {%- for f in files if f.endswith((".c", ".cpp")) %}
				{{f|xcode_build}} /* {{f}} in Sources */,
        {%- endfor %}
				90E3DF9D1C27618200427603 /* audioeffectx.cpp in Sources */,
				90E3DF9C1C27618200427603 /* audioeffect.cpp in Sources */,
			);
			runOnlyForDeploymentPostprocessing = 0;
		};
/* End PBXSourcesBuildPhase section */

/* Begin XCBuildConfiguration section */
		9096508C1C26156B00F0FC3B /* Debug */ = {
			isa = XCBuildConfiguration;
			buildSettings = {
				ALWAYS_SEARCH_USER_PATHS = NO;
				ARCHS = "$(ARCHS_STANDARD_32_64_BIT)";
				CLANG_CXX_LANGUAGE_STANDARD = "c++0x";
				CLANG_CXX_LIBRARY = "libc++";
				CLANG_ENABLE_MODULES = YES;
				CLANG_ENABLE_OBJC_ARC = YES;
				CLANG_WARN_BOOL_CONVERSION = YES;
				CLANG_WARN_CONSTANT_CONVERSION = YES;
				CLANG_WARN_DIRECT_OBJC_ISA_USAGE = YES_ERROR;
				CLANG_WARN_EMPTY_BODY = YES;
				CLANG_WARN_ENUM_CONVERSION = YES;
				CLANG_WARN_INT_CONVERSION = YES;
				CLANG_WARN_OBJC_ROOT_CLASS = YES_ERROR;
				CLANG_WARN_UNREACHABLE_CODE = YES;
				CLANG_WARN__DUPLICATE_METHOD_MATCH = YES;
				CODE_SIGN_IDENTITY = "";
				COPY_PHASE_STRIP = NO;
				DEBUG_INFORMATION_FORMAT = dwarf;
				ENABLE_STRICT_OBJC_MSGSEND = YES;
				ENABLE_TESTABILITY = YES;
				GCC_C_LANGUAGE_STANDARD = c11;
				GCC_DYNAMIC_NO_PIC = NO;
				GCC_ENABLE_CPP_EXCEPTIONS = NO;
				GCC_ENABLE_CPP_RTTI = NO;
				GCC_NO_COMMON_BLOCKS = YES;
				GCC_OPTIMIZATION_LEVEL = 0;
				GCC_PREPROCESSOR_DEFINITIONS = (
					"DEBUG=1",
					"$(inherited)",
				);
				GCC_WARN_64_TO_32_BIT_CONVERSION = YES;
				GCC_WARN_ABOUT_RETURN_TYPE = YES_ERROR;
				GCC_WARN_UNDECLARED_SELECTOR = YES;
				GCC_WARN_UNINITIALIZED_AUTOS = YES_AGGRESSIVE;
				GCC_WARN_UNUSED_FUNCTION = YES;
				GCC_WARN_UNUSED_VARIABLE = YES;
				MACOSX_DEPLOYMENT_TARGET = 10.7;
				MTL_ENABLE_DEBUG_INFO = YES;
				ONLY_ACTIVE_ARCH = YES;
				SDKROOT = macosx;
			};
			name = Debug;
		};
		9096508D1C26156B00F0FC3B /* Release */ = {
			isa = XCBuildConfiguration;
			buildSettings = {
				ALWAYS_SEARCH_USER_PATHS = NO;
				ARCHS = "$(ARCHS_STANDARD_32_64_BIT)";
				CLANG_CXX_LANGUAGE_STANDARD = "c++0x";
				CLANG_CXX_LIBRARY = "libc++";
				CLANG_ENABLE_MODULES = YES;
				CLANG_ENABLE_OBJC_ARC = YES;
				CLANG_WARN_BOOL_CONVERSION = YES;
				CLANG_WARN_CONSTANT_CONVERSION = YES;
				CLANG_WARN_DIRECT_OBJC_ISA_USAGE = YES_ERROR;
				CLANG_WARN_EMPTY_BODY = YES;
				CLANG_WARN_ENUM_CONVERSION = YES;
				CLANG_WARN_INT_CONVERSION = YES;
				CLANG_WARN_OBJC_ROOT_CLASS = YES_ERROR;
				CLANG_WARN_UNREACHABLE_CODE = YES;
				CLANG_WARN__DUPLICATE_METHOD_MATCH = YES;
				CODE_SIGN_IDENTITY = "";
				COPY_PHASE_STRIP = NO;
				DEBUG_INFORMATION_FORMAT = dwarf;
				ENABLE_NS_ASSERTIONS = NO;
				ENABLE_STRICT_OBJC_MSGSEND = YES;
				GCC_C_LANGUAGE_STANDARD = c11;
				GCC_ENABLE_CPP_EXCEPTIONS = NO;
				GCC_ENABLE_CPP_RTTI = NO;
				GCC_NO_COMMON_BLOCKS = YES;
				GCC_OPTIMIZATION_LEVEL = fast;
				GCC_WARN_64_TO_32_BIT_CONVERSION = YES;
				GCC_WARN_ABOUT_RETURN_TYPE = YES_ERROR;
				GCC_WARN_UNDECLARED_SELECTOR = YES;
				GCC_WARN_UNINITIALIZED_AUTOS = YES_AGGRESSIVE;
				GCC_WARN_UNUSED_FUNCTION = YES;
				GCC_WARN_UNUSED_VARIABLE = YES;
				MACOSX_DEPLOYMENT_TARGET = 10.7;
				MTL_ENABLE_DEBUG_INFO = NO;
				OTHER_CFLAGS = (
					"-DHV_SIMD_SSE",
					"-msse4.1",
					"-ffast-math",
					"-DNDEBUG",
				);
				SDKROOT = macosx;
			};
			name = Release;
		};
		9096508F1C26156B00F0FC3B /* Debug */ = {
			isa = XCBuildConfiguration;
			buildSettings = {
				CONFIGURATION_BUILD_DIR = "$(PROJECT_DIR)/../build/macos/$(ARCHS)/debug";
				COMBINE_HIDPI_IMAGES = YES;
				INFOPLIST_FILE = Info.plist;
				INSTALL_PATH = "$(LOCAL_LIBRARY_DIR)/Bundles";
				PRODUCT_BUNDLE_IDENTIFIER = "com.enzienaudio.{{name}}";
				PRODUCT_NAME = "$(TARGET_NAME)";
				SKIP_INSTALL = YES;
				WRAPPER_EXTENSION = vst;
			};
			name = Debug;
		};
		909650901C26156B00F0FC3B /* Release */ = {
			isa = XCBuildConfiguration;
			buildSettings = {
				CONFIGURATION_BUILD_DIR = "$(PROJECT_DIR)/../build/macos/$(ARCHS)/release";
				COMBINE_HIDPI_IMAGES = YES;
				INFOPLIST_FILE = Info.plist;
				INSTALL_PATH = "$(LOCAL_LIBRARY_DIR)/Bundles";
				PRODUCT_BUNDLE_IDENTIFIER = "com.enzienaudio.{{name}}";
				PRODUCT_NAME = "$(TARGET_NAME)";
				SKIP_INSTALL = YES;
				WRAPPER_EXTENSION = vst;
			};
			name = Release;
		};
/* End XCBuildConfiguration section */

/* Begin XCConfigurationList section */
		909650831C26156B00F0FC3B /* Build configuration list for PBXProject "{{name}}" */ = {
			isa = XCConfigurationList;
			buildConfigurations = (
				9096508C1C26156B00F0FC3B /* Debug */,
				9096508D1C26156B00F0FC3B /* Release */,
			);
			defaultConfigurationIsVisible = 0;
			defaultConfigurationName = Release;
		};
		9096508E1C26156B00F0FC3B /* Build configuration list for PBXNativeTarget "{{name}}" */ = {
			isa = XCConfigurationList;
			buildConfigurations = (
				9096508F1C26156B00F0FC3B /* Debug */,
				909650901C26156B00F0FC3B /* Release */,
			);
			defaultConfigurationIsVisible = 0;
			defaultConfigurationName = Release;
		};
/* End XCConfigurationList section */
	};
	rootObject = 909650801C26156B00F0FC3B /* Project object */;
}
