// !$*UTF8*$!
{
	archiveVersion = 1;
	classes = {
	};
	objectVersion = 46;
	objects = {

/* Begin PBXBuildFile section */
    {%- for f in files if f.endswith((".h", ".hpp")) %}
		{{f|xcode_build}} /* {{f}} in Headers */ = {isa = PBXBuildFile; fileRef = {{f|xcode_fileref}} /* {{f}} */; };
    {%- endfor %}
    {%- for f in files if f.endswith((".c", ".cpp")) %}
		{{f|xcode_build}} /* {{f}} in Sources */ = {isa = PBXBuildFile; fileRef = {{f|xcode_fileref}} /* {{f}} */; };
    {%- endfor %}
/* End PBXBuildFile section */

/* Begin PBXFileReference section */
    {%- for f in files if f.endswith(".h") %}
		{{f|xcode_fileref}} /* {{f}} */ = {isa = PBXFileReference; fileEncoding = 4; lastKnownFileType = sourcecode.c.h; name = {{f}}; path = {{f}}; sourceTree = "<group>"; };
    {%- endfor %}
    {%- for f in files if f.endswith(".hpp") %}
		{{f|xcode_fileref}} /* {{f}} */ = {isa = PBXFileReference; fileEncoding = 4; lastKnownFileType = sourcecode.cpp.h; name = {{f}}; path = {{f}}; sourceTree = "<group>"; };
    {%- endfor %}
    {%- for f in files if f.endswith(".c") %}
		{{f|xcode_fileref}} /* {{f}} */ = {isa = PBXFileReference; fileEncoding = 4; lastKnownFileType = sourcecode.c.c; name = {{f}}; path = {{f}}; sourceTree = "<group>"; };
    {%- endfor %}
    {%- for f in files if f.endswith(".cpp") %}
		{{f|xcode_fileref}} /* {{f}} */ = {isa = PBXFileReference; fileEncoding = 4; lastKnownFileType = sourcecode.cpp.cpp; name = {{f}}; path = {{f}}; sourceTree = "<group>"; };
    {%- endfor %}
/* End PBXFileReference section */

/* Begin PBXFrameworksBuildPhase section */
		9015B6C81B1F3D51008D7259 /* Frameworks */ = {
			isa = PBXFrameworksBuildPhase;
			buildActionMask = 2147483647;
			files = (
			);
			runOnlyForDeploymentPostprocessing = 0;
		};
/* End PBXFrameworksBuildPhase section */

/* Begin PBXGroup section */
		9015B6C21B1F3D51008D7259 = {
			isa = PBXGroup;
			children = (
				9036B8681B1F3D6600B217F4 /* Source */,
				9015B6CC1B1F3D51008D7259 /* Products */,
			);
			sourceTree = "<group>";
		};
		9015B6CC1B1F3D51008D7259 /* Products */ = {
			isa = PBXGroup;
			children = (
				9015B6CB1B1F3D51008D7259 /* HVPD_XCODE_PROJECT.pd_darwin */,
			);
			name = Products;
			sourceTree = "<group>";
		};
		9036B8681B1F3D6600B217F4 /* Source */ = {
			isa = PBXGroup;
			children = (
        {%- for f in files %}
				{{f|xcode_fileref}} /* {{f}} */,
        {%- endfor %}
			);
			name = Source;
			sourceTree = "<group>";
		};
/* End PBXGroup section */

/* Begin PBXHeadersBuildPhase section */
		9015B6C91B1F3D51008D7259 /* Headers */ = {
			isa = PBXHeadersBuildPhase;
			buildActionMask = 2147483647;
			files = (
        {%- for f in files if f.endswith((".h", ".hpp")) %}
				{{f|xcode_build}} /* {{f}} in Headers */,
        {%- endfor %}
			);
			runOnlyForDeploymentPostprocessing = 0;
		};
/* End PBXHeadersBuildPhase section */

/* Begin PBXNativeTarget section */
		9015B6CA1B1F3D51008D7259 /* {{name}} */ = {
			isa = PBXNativeTarget;
			buildConfigurationList = 9015B6CF1B1F3D51008D7259 /* Build configuration list for PBXNativeTarget "{{name}}" */;
			buildPhases = (
				9015B6C71B1F3D51008D7259 /* Sources */,
				9015B6C81B1F3D51008D7259 /* Frameworks */,
				9015B6C91B1F3D51008D7259 /* Headers */,
			);
			buildRules = (
			);
			dependencies = (
			);
			name = "{{name}}";
			productName = HVPD_XCODE_PROJECT;
			productReference = 9015B6CB1B1F3D51008D7259 /* HVPD_XCODE_PROJECT.pd_darwin */;
			productType = "com.apple.product-type.library.dynamic";
		};
/* End PBXNativeTarget section */

/* Begin PBXProject section */
		9015B6C31B1F3D51008D7259 /* Project object */ = {
			isa = PBXProject;
			attributes = {
				LastUpgradeCheck = 0630;
				ORGANIZATIONNAME = "Enzien Audio, Ltd.";
				TargetAttributes = {
					9015B6CA1B1F3D51008D7259 = {
						CreatedOnToolsVersion = 6.3.2;
					};
				};
			};
			buildConfigurationList = 9015B6C61B1F3D51008D7259 /* Build configuration list for PBXProject "HVPD_XCODE_PROJECT" */;
			compatibilityVersion = "Xcode 3.2";
			developmentRegion = English;
			hasScannedForEncodings = 0;
			knownRegions = (
				en,
			);
			mainGroup = 9015B6C21B1F3D51008D7259;
			productRefGroup = 9015B6CC1B1F3D51008D7259 /* Products */;
			projectDirPath = "";
			projectRoot = "";
			targets = (
				9015B6CA1B1F3D51008D7259 /* {{name}} */,
			);
		};
/* End PBXProject section */

/* Begin PBXSourcesBuildPhase section */
		9015B6C71B1F3D51008D7259 /* Sources */ = {
			isa = PBXSourcesBuildPhase;
			buildActionMask = 2147483647;
			files = (
        {%- for f in files if f.endswith((".c", ".cpp")) %}
				{{f|xcode_build}} /* {{f}} in Sources */,
        {%- endfor %}
			);
			runOnlyForDeploymentPostprocessing = 0;
		};
/* End PBXSourcesBuildPhase section */

/* Begin XCBuildConfiguration section */
		9015B6CD1B1F3D51008D7259 /* Debug */ = {
			isa = XCBuildConfiguration;
			buildSettings = {
				ALWAYS_SEARCH_USER_PATHS = NO;
				ARCHS = "$(ARCHS_STANDARD_32_64_BIT)";
				CLANG_CXX_LANGUAGE_STANDARD = "gnu++0x";
				CLANG_CXX_LIBRARY = "libc++";
				CLANG_ENABLE_MODULES = YES;
				CLANG_ENABLE_OBJC_ARC = YES;
				CLANG_WARN_BOOL_CONVERSION = YES;
				CLANG_WARN_CONSTANT_CONVERSION = YES;
				CLANG_WARN_DIRECT_OBJC_ISA_USAGE = YES_ERROR;
				CLANG_WARN_EMPTY_BODY = YES;
				CLANG_WARN_ENUM_CONVERSION = YES;
				CLANG_WARN_INT_CONVERSION = YES;
				CLANG_WARN_OBJC_ROOT_CLASS = YES_ERROR;
				CLANG_WARN_UNREACHABLE_CODE = YES;
				CLANG_WARN__DUPLICATE_METHOD_MATCH = YES;
				COPY_PHASE_STRIP = NO;
				DEAD_CODE_STRIPPING = NO;
				DEBUG_INFORMATION_FORMAT = dwarf;
				ENABLE_STRICT_OBJC_MSGSEND = YES;
				GCC_C_LANGUAGE_STANDARD = c11;
				GCC_DYNAMIC_NO_PIC = NO;
				GCC_GENERATE_DEBUGGING_SYMBOLS = YES;
				GCC_NO_COMMON_BLOCKS = YES;
				GCC_OPTIMIZATION_LEVEL = 0;
				GCC_PREPROCESSOR_DEFINITIONS = (
					"DEBUG=1",
					"$(inherited)",
				);
				GCC_SYMBOLS_PRIVATE_EXTERN = NO;
				GCC_TREAT_WARNINGS_AS_ERRORS = YES;
				GCC_WARN_64_TO_32_BIT_CONVERSION = YES;
				GCC_WARN_ABOUT_RETURN_TYPE = YES_ERROR;
				GCC_WARN_UNDECLARED_SELECTOR = YES;
				GCC_WARN_UNINITIALIZED_AUTOS = YES_AGGRESSIVE;
				GCC_WARN_UNUSED_FUNCTION = YES;
				GCC_WARN_UNUSED_VARIABLE = YES;
				MACOSX_DEPLOYMENT_TARGET = 10.10;
				MTL_ENABLE_DEBUG_INFO = YES;
				ONLY_ACTIVE_ARCH = NO;
				OTHER_CFLAGS = "-Wno-#warnings -Wno-unused-function";
				SDKROOT = macosx;
			};
			name = Debug;
		};
		9015B6CE1B1F3D51008D7259 /* Release */ = {
			isa = XCBuildConfiguration;
			buildSettings = {
				ALWAYS_SEARCH_USER_PATHS = NO;
				ARCHS = "$(ARCHS_STANDARD_32_64_BIT)";
				CLANG_CXX_LANGUAGE_STANDARD = "gnu++0x";
				CLANG_CXX_LIBRARY = "libc++";
				CLANG_ENABLE_MODULES = YES;
				CLANG_ENABLE_OBJC_ARC = YES;
				CLANG_WARN_BOOL_CONVERSION = YES;
				CLANG_WARN_CONSTANT_CONVERSION = YES;
				CLANG_WARN_DIRECT_OBJC_ISA_USAGE = YES_ERROR;
				CLANG_WARN_EMPTY_BODY = YES;
				CLANG_WARN_ENUM_CONVERSION = YES;
				CLANG_WARN_INT_CONVERSION = YES;
				CLANG_WARN_OBJC_ROOT_CLASS = YES_ERROR;
				CLANG_WARN_UNREACHABLE_CODE = YES;
				CLANG_WARN__DUPLICATE_METHOD_MATCH = YES;
				COPY_PHASE_STRIP = YES;
				DEAD_CODE_STRIPPING = YES;
				DEBUG_INFORMATION_FORMAT = "dwarf-with-dsym";
				ENABLE_NS_ASSERTIONS = NO;
				ENABLE_STRICT_OBJC_MSGSEND = YES;
				GCC_C_LANGUAGE_STANDARD = c11;
				GCC_GENERATE_DEBUGGING_SYMBOLS = NO;
				GCC_NO_COMMON_BLOCKS = YES;
				GCC_OPTIMIZATION_LEVEL = 3;
				GCC_SYMBOLS_PRIVATE_EXTERN = NO;
				GCC_TREAT_WARNINGS_AS_ERRORS = YES;
				GCC_WARN_64_TO_32_BIT_CONVERSION = YES;
				GCC_WARN_ABOUT_RETURN_TYPE = YES_ERROR;
				GCC_WARN_UNDECLARED_SELECTOR = YES;
				GCC_WARN_UNINITIALIZED_AUTOS = YES_AGGRESSIVE;
				GCC_WARN_UNUSED_FUNCTION = YES;
				GCC_WARN_UNUSED_VARIABLE = YES;
				MACOSX_DEPLOYMENT_TARGET = 10.10;
				MTL_ENABLE_DEBUG_INFO = NO;
				ONLY_ACTIVE_ARCH = NO;
				OTHER_CFLAGS = (
					"-DNDEBUG",
					"-ffast-math",
					"-msse4.2",
					"-Wno-#warnings",
					"-Wno-unused-function",
				);
				SDKROOT = macosx;
			};
			name = Release;
		};
		9015B6D01B1F3D51008D7259 /* Debug */ = {
			isa = XCBuildConfiguration;
			buildSettings = {
				DYLIB_COMPATIBILITY_VERSION = 1;
				DYLIB_CURRENT_VERSION = 1;
				EXECUTABLE_EXTENSION = pd_darwin;
				EXECUTABLE_PREFIX = "";
				OTHER_LDFLAGS = (
					"-undefined",
					dynamic_lookup,
				);
				PRODUCT_NAME = "$(TARGET_NAME)";
			};
			name = Debug;
		};
		9015B6D11B1F3D51008D7259 /* Release */ = {
			isa = XCBuildConfiguration;
			buildSettings = {
				DYLIB_COMPATIBILITY_VERSION = 1;
				DYLIB_CURRENT_VERSION = 1;
				EXECUTABLE_EXTENSION = pd_darwin;
				EXECUTABLE_PREFIX = "";
				OTHER_LDFLAGS = (
					"-undefined",
					dynamic_lookup,
				);
				PRODUCT_NAME = "$(TARGET_NAME)";
			};
			name = Release;
		};
/* End XCBuildConfiguration section */

/* Begin XCConfigurationList section */
		9015B6C61B1F3D51008D7259 /* Build configuration list for PBXProject "HVPD_XCODE_PROJECT" */ = {
			isa = XCConfigurationList;
			buildConfigurations = (
				9015B6CD1B1F3D51008D7259 /* Debug */,
				9015B6CE1B1F3D51008D7259 /* Release */,
			);
			defaultConfigurationIsVisible = 0;
			defaultConfigurationName = Release;
		};
		9015B6CF1B1F3D51008D7259 /* Build configuration list for PBXNativeTarget "{{name}}" */ = {
			isa = XCConfigurationList;
			buildConfigurations = (
				9015B6D01B1F3D51008D7259 /* Debug */,
				9015B6D11B1F3D51008D7259 /* Release */,
			);
			defaultConfigurationIsVisible = 0;
			defaultConfigurationName = Release;
		};
/* End XCConfigurationList section */
	};
	rootObject = 9015B6C31B1F3D51008D7259 /* Project object */;
}
